// !$*UTF8*$!
{
	archiveVersion = 1;
	classes = {
	};
	objectVersion = 56;
	objects = {

/* Begin PBXBuildFile section */
		DE19548C2BCD644B00070C12 /* AppDelegate.swift in Sources */ = {isa = PBXBuildFile; fileRef = DE19548B2BCD644B00070C12 /* AppDelegate.swift */; };
		DE19548E2BCD644B00070C12 /* SceneDelegate.swift in Sources */ = {isa = PBXBuildFile; fileRef = DE19548D2BCD644B00070C12 /* SceneDelegate.swift */; };
		DE1954902BCD644B00070C12 /* LoginViewController.swift in Sources */ = {isa = PBXBuildFile; fileRef = DE19548F2BCD644B00070C12 /* LoginViewController.swift */; };
		DE1954A42BCD6A8100070C12 /* Then in Frameworks */ = {isa = PBXBuildFile; productRef = DE1954A32BCD6A8100070C12 /* Then */; };
		DE1954A72BCD6A8D00070C12 /* SnapKit in Frameworks */ = {isa = PBXBuildFile; productRef = DE1954A62BCD6A8D00070C12 /* SnapKit */; };
		DE1954A92BCD6A8D00070C12 /* SnapKit-Dynamic in Frameworks */ = {isa = PBXBuildFile; productRef = DE1954A82BCD6A8D00070C12 /* SnapKit-Dynamic */; };
		DE1954C22BCD735800070C12 /* UIFont+Extension.swift in Sources */ = {isa = PBXBuildFile; fileRef = DE1954C12BCD735800070C12 /* UIFont+Extension.swift */; };
		DE1954C42BCD737D00070C12 /* UITextField+Extension.swift in Sources */ = {isa = PBXBuildFile; fileRef = DE1954C32BCD737D00070C12 /* UITextField+Extension.swift */; };
		DE1954C62BCD73B600070C12 /* UIView+Extension.swift in Sources */ = {isa = PBXBuildFile; fileRef = DE1954C52BCD73B600070C12 /* UIView+Extension.swift */; };
		DE1954C82BCD7E3A00070C12 /* UIButton+Extension.swift in Sources */ = {isa = PBXBuildFile; fileRef = DE1954C72BCD7E3A00070C12 /* UIButton+Extension.swift */; };
		DE4640312BD7844D00FC13D8 /* Pretendard-ExtraLight.otf in Resources */ = {isa = PBXBuildFile; fileRef = DE4640282BD7844D00FC13D8 /* Pretendard-ExtraLight.otf */; };
		DE4640322BD7844D00FC13D8 /* Pretendard-ExtraBold.otf in Resources */ = {isa = PBXBuildFile; fileRef = DE4640292BD7844D00FC13D8 /* Pretendard-ExtraBold.otf */; };
		DE4640332BD7844D00FC13D8 /* Pretendard-SemiBold.otf in Resources */ = {isa = PBXBuildFile; fileRef = DE46402A2BD7844D00FC13D8 /* Pretendard-SemiBold.otf */; };
		DE4640342BD7844D00FC13D8 /* Pretendard-Light.otf in Resources */ = {isa = PBXBuildFile; fileRef = DE46402B2BD7844D00FC13D8 /* Pretendard-Light.otf */; };
		DE4640352BD7844D00FC13D8 /* Pretendard-Medium.otf in Resources */ = {isa = PBXBuildFile; fileRef = DE46402C2BD7844D00FC13D8 /* Pretendard-Medium.otf */; };
		DE4640362BD7844D00FC13D8 /* Pretendard-Regular.otf in Resources */ = {isa = PBXBuildFile; fileRef = DE46402D2BD7844D00FC13D8 /* Pretendard-Regular.otf */; };
		DE4640372BD7844D00FC13D8 /* Pretendard-Black.otf in Resources */ = {isa = PBXBuildFile; fileRef = DE46402E2BD7844D00FC13D8 /* Pretendard-Black.otf */; };
		DE4640382BD7844D00FC13D8 /* Pretendard-Bold.otf in Resources */ = {isa = PBXBuildFile; fileRef = DE46402F2BD7844D00FC13D8 /* Pretendard-Bold.otf */; };
		DE4640392BD7844D00FC13D8 /* Pretendard-Thin.otf in Resources */ = {isa = PBXBuildFile; fileRef = DE4640302BD7844D00FC13D8 /* Pretendard-Thin.otf */; };
		DE46403C2BD7AD6000FC13D8 /* TvingTextField.swift in Sources */ = {isa = PBXBuildFile; fileRef = DE46403B2BD7AD6000FC13D8 /* TvingTextField.swift */; };
		DE9F2C052BD00E0B00E3189D /* MakeNicknameViewController.swift in Sources */ = {isa = PBXBuildFile; fileRef = DE9F2C042BD00E0B00E3189D /* MakeNicknameViewController.swift */; };
		DE9F2C082BD0115E00E3189D /* Constants.swift in Sources */ = {isa = PBXBuildFile; fileRef = DE9F2C072BD0115E00E3189D /* Constants.swift */; };
		DE9F2C0A2BD0139400E3189D /* UIColor+Extension.swift in Sources */ = {isa = PBXBuildFile; fileRef = DE9F2C092BD0139400E3189D /* UIColor+Extension.swift */; };
		DE9F2C0D2BD01FD300E3189D /* AppError.swift in Sources */ = {isa = PBXBuildFile; fileRef = DE9F2C0C2BD01FD300E3189D /* AppError.swift */; };
		DE9F2C102BD0235400E3189D /* AlertShowable.swift in Sources */ = {isa = PBXBuildFile; fileRef = DE9F2C0F2BD0235400E3189D /* AlertShowable.swift */; };
		DE9F2C142BD025CB00E3189D /* Regex.swift in Sources */ = {isa = PBXBuildFile; fileRef = DE9F2C132BD025CB00E3189D /* Regex.swift */; };
		DE9F2C162BD0263800E3189D /* RegexCheckable.swift in Sources */ = {isa = PBXBuildFile; fileRef = DE9F2C152BD0263800E3189D /* RegexCheckable.swift */; };
		DE9F2C182BD0314C00E3189D /* WelcomeViewController.swift in Sources */ = {isa = PBXBuildFile; fileRef = DE9F2C172BD0314C00E3189D /* WelcomeViewController.swift */; };
		DE9F2C1A2BD039E500E3189D /* UILabel+Extension.swift in Sources */ = {isa = PBXBuildFile; fileRef = DE9F2C192BD039E500E3189D /* UILabel+Extension.swift */; };
		DEA1AF762BEDD81A00BDB474 /* FindViewController.swift in Sources */ = {isa = PBXBuildFile; fileRef = DEA1AF752BEDD81A00BDB474 /* FindViewController.swift */; };
		DEC466CF2BD77DE9001F5BAA /* LaunchScreen.storyboard in Resources */ = {isa = PBXBuildFile; fileRef = DEC466CD2BD77DE9001F5BAA /* LaunchScreen.storyboard */; };
		DEC466D32BD77E17001F5BAA /* Assets.xcassets in Resources */ = {isa = PBXBuildFile; fileRef = DEC466D22BD77E17001F5BAA /* Assets.xcassets */; };
		DEE84F362BDF5DBE006605CB /* ReuseIdentifiable.swift in Sources */ = {isa = PBXBuildFile; fileRef = DEE84F352BDF5DBE006605CB /* ReuseIdentifiable.swift */; };
		DEE84F3A2BDF6086006605CB /* TvingTabBarController.swift in Sources */ = {isa = PBXBuildFile; fileRef = DEE84F392BDF6086006605CB /* TvingTabBarController.swift */; };
		DEE84F3C2BDF6F48006605CB /* HomeViewController.swift in Sources */ = {isa = PBXBuildFile; fileRef = DEE84F3B2BDF6F48006605CB /* HomeViewController.swift */; };
		DEE84F422BDFBB51006605CB /* ComingSoonViewController.swift in Sources */ = {isa = PBXBuildFile; fileRef = DEE84F412BDFBB51006605CB /* ComingSoonViewController.swift */; };
		DEE84F442BDFBB73006605CB /* SearchViewController.swift in Sources */ = {isa = PBXBuildFile; fileRef = DEE84F432BDFBB73006605CB /* SearchViewController.swift */; };
		DEE84F462BDFBBA0006605CB /* HistoryViewController.swift in Sources */ = {isa = PBXBuildFile; fileRef = DEE84F452BDFBBA0006605CB /* HistoryViewController.swift */; };
		DEE84F4A2BDFBDF0006605CB /* UnderlineSegmentedControl.swift in Sources */ = {isa = PBXBuildFile; fileRef = DEE84F492BDFBDF0006605CB /* UnderlineSegmentedControl.swift */; };
		DEEE39D92BD781E100DE683E /* Color.xcassets in Resources */ = {isa = PBXBuildFile; fileRef = DEEE39D82BD781E100DE683E /* Color.xcassets */; };
		DEF0032A2BE0412700EF73F8 /* Program.swift in Sources */ = {isa = PBXBuildFile; fileRef = DEF003292BE0412700EF73F8 /* Program.swift */; };
		DEF0032C2BE044C100EF73F8 /* SectionHeaderView.swift in Sources */ = {isa = PBXBuildFile; fileRef = DEF0032B2BE044C100EF73F8 /* SectionHeaderView.swift */; };
		DEF0032F2BE0488300EF73F8 /* MainCell.swift in Sources */ = {isa = PBXBuildFile; fileRef = DEF0032E2BE0488300EF73F8 /* MainCell.swift */; };
		DEF003312BE04E6400EF73F8 /* Screen.swift in Sources */ = {isa = PBXBuildFile; fileRef = DEF003302BE04E6400EF73F8 /* Screen.swift */; };
		DEF003352BE05DD000EF73F8 /* ImageAndTitleCell.swift in Sources */ = {isa = PBXBuildFile; fileRef = DEF003342BE05DD000EF73F8 /* ImageAndTitleCell.swift */; };
		DEF003372BE06F1E00EF73F8 /* MostCell.swift in Sources */ = {isa = PBXBuildFile; fileRef = DEF003362BE06F1E00EF73F8 /* MostCell.swift */; };
		DEF003392BE0718500EF73F8 /* UIStackView+Extension.swift in Sources */ = {isa = PBXBuildFile; fileRef = DEF003382BE0718500EF73F8 /* UIStackView+Extension.swift */; };
		DEF0033B2BE0780A00EF73F8 /* LongLogoCell.swift in Sources */ = {isa = PBXBuildFile; fileRef = DEF0033A2BE0780A00EF73F8 /* LongLogoCell.swift */; };
/* End PBXBuildFile section */

/* Begin PBXFileReference section */
		DE1954882BCD644B00070C12 /* 34th-Sopt-Assignment.app */ = {isa = PBXFileReference; explicitFileType = wrapper.application; includeInIndex = 0; path = "34th-Sopt-Assignment.app"; sourceTree = BUILT_PRODUCTS_DIR; };
		DE19548B2BCD644B00070C12 /* AppDelegate.swift */ = {isa = PBXFileReference; lastKnownFileType = sourcecode.swift; path = AppDelegate.swift; sourceTree = "<group>"; };
		DE19548D2BCD644B00070C12 /* SceneDelegate.swift */ = {isa = PBXFileReference; lastKnownFileType = sourcecode.swift; path = SceneDelegate.swift; sourceTree = "<group>"; };
		DE19548F2BCD644B00070C12 /* LoginViewController.swift */ = {isa = PBXFileReference; lastKnownFileType = sourcecode.swift; path = LoginViewController.swift; sourceTree = "<group>"; };
		DE1954C12BCD735800070C12 /* UIFont+Extension.swift */ = {isa = PBXFileReference; lastKnownFileType = sourcecode.swift; path = "UIFont+Extension.swift"; sourceTree = "<group>"; };
		DE1954C32BCD737D00070C12 /* UITextField+Extension.swift */ = {isa = PBXFileReference; lastKnownFileType = sourcecode.swift; path = "UITextField+Extension.swift"; sourceTree = "<group>"; };
		DE1954C52BCD73B600070C12 /* UIView+Extension.swift */ = {isa = PBXFileReference; lastKnownFileType = sourcecode.swift; path = "UIView+Extension.swift"; sourceTree = "<group>"; };
		DE1954C72BCD7E3A00070C12 /* UIButton+Extension.swift */ = {isa = PBXFileReference; lastKnownFileType = sourcecode.swift; path = "UIButton+Extension.swift"; sourceTree = "<group>"; };
		DE4640282BD7844D00FC13D8 /* Pretendard-ExtraLight.otf */ = {isa = PBXFileReference; lastKnownFileType = file; name = "Pretendard-ExtraLight.otf"; path = "34th-Sopt-Assignment/Resources/Font/Pretendard-ExtraLight.otf"; sourceTree = SOURCE_ROOT; };
		DE4640292BD7844D00FC13D8 /* Pretendard-ExtraBold.otf */ = {isa = PBXFileReference; lastKnownFileType = file; name = "Pretendard-ExtraBold.otf"; path = "34th-Sopt-Assignment/Resources/Font/Pretendard-ExtraBold.otf"; sourceTree = SOURCE_ROOT; };
		DE46402A2BD7844D00FC13D8 /* Pretendard-SemiBold.otf */ = {isa = PBXFileReference; lastKnownFileType = file; name = "Pretendard-SemiBold.otf"; path = "34th-Sopt-Assignment/Resources/Font/Pretendard-SemiBold.otf"; sourceTree = SOURCE_ROOT; };
		DE46402B2BD7844D00FC13D8 /* Pretendard-Light.otf */ = {isa = PBXFileReference; lastKnownFileType = file; name = "Pretendard-Light.otf"; path = "34th-Sopt-Assignment/Resources/Font/Pretendard-Light.otf"; sourceTree = SOURCE_ROOT; };
		DE46402C2BD7844D00FC13D8 /* Pretendard-Medium.otf */ = {isa = PBXFileReference; lastKnownFileType = file; name = "Pretendard-Medium.otf"; path = "34th-Sopt-Assignment/Resources/Font/Pretendard-Medium.otf"; sourceTree = SOURCE_ROOT; };
		DE46402D2BD7844D00FC13D8 /* Pretendard-Regular.otf */ = {isa = PBXFileReference; lastKnownFileType = file; name = "Pretendard-Regular.otf"; path = "34th-Sopt-Assignment/Resources/Font/Pretendard-Regular.otf"; sourceTree = SOURCE_ROOT; };
		DE46402E2BD7844D00FC13D8 /* Pretendard-Black.otf */ = {isa = PBXFileReference; lastKnownFileType = file; name = "Pretendard-Black.otf"; path = "34th-Sopt-Assignment/Resources/Font/Pretendard-Black.otf"; sourceTree = SOURCE_ROOT; };
		DE46402F2BD7844D00FC13D8 /* Pretendard-Bold.otf */ = {isa = PBXFileReference; lastKnownFileType = file; name = "Pretendard-Bold.otf"; path = "34th-Sopt-Assignment/Resources/Font/Pretendard-Bold.otf"; sourceTree = SOURCE_ROOT; };
		DE4640302BD7844D00FC13D8 /* Pretendard-Thin.otf */ = {isa = PBXFileReference; lastKnownFileType = file; name = "Pretendard-Thin.otf"; path = "34th-Sopt-Assignment/Resources/Font/Pretendard-Thin.otf"; sourceTree = SOURCE_ROOT; };
		DE46403B2BD7AD6000FC13D8 /* TvingTextField.swift */ = {isa = PBXFileReference; lastKnownFileType = sourcecode.swift; path = TvingTextField.swift; sourceTree = "<group>"; };
		DE9F2C042BD00E0B00E3189D /* MakeNicknameViewController.swift */ = {isa = PBXFileReference; lastKnownFileType = sourcecode.swift; path = MakeNicknameViewController.swift; sourceTree = "<group>"; };
		DE9F2C072BD0115E00E3189D /* Constants.swift */ = {isa = PBXFileReference; lastKnownFileType = sourcecode.swift; path = Constants.swift; sourceTree = "<group>"; };
		DE9F2C092BD0139400E3189D /* UIColor+Extension.swift */ = {isa = PBXFileReference; lastKnownFileType = sourcecode.swift; path = "UIColor+Extension.swift"; sourceTree = "<group>"; };
		DE9F2C0C2BD01FD300E3189D /* AppError.swift */ = {isa = PBXFileReference; lastKnownFileType = sourcecode.swift; path = AppError.swift; sourceTree = "<group>"; };
		DE9F2C0F2BD0235400E3189D /* AlertShowable.swift */ = {isa = PBXFileReference; lastKnownFileType = sourcecode.swift; path = AlertShowable.swift; sourceTree = "<group>"; };
		DE9F2C132BD025CB00E3189D /* Regex.swift */ = {isa = PBXFileReference; lastKnownFileType = sourcecode.swift; path = Regex.swift; sourceTree = "<group>"; };
		DE9F2C152BD0263800E3189D /* RegexCheckable.swift */ = {isa = PBXFileReference; lastKnownFileType = sourcecode.swift; path = RegexCheckable.swift; sourceTree = "<group>"; };
		DE9F2C172BD0314C00E3189D /* WelcomeViewController.swift */ = {isa = PBXFileReference; lastKnownFileType = sourcecode.swift; path = WelcomeViewController.swift; sourceTree = "<group>"; };
		DE9F2C192BD039E500E3189D /* UILabel+Extension.swift */ = {isa = PBXFileReference; lastKnownFileType = sourcecode.swift; path = "UILabel+Extension.swift"; sourceTree = "<group>"; };
		DEA1AF752BEDD81A00BDB474 /* FindViewController.swift */ = {isa = PBXFileReference; lastKnownFileType = sourcecode.swift; path = FindViewController.swift; sourceTree = "<group>"; };
		DEC466CB2BD77DD9001F5BAA /* Info.plist */ = {isa = PBXFileReference; fileEncoding = 4; lastKnownFileType = text.plist.xml; name = Info.plist; path = "34th-Sopt-Assignment/Resources/Info.plist"; sourceTree = SOURCE_ROOT; };
		DEC466CE2BD77DE9001F5BAA /* Base */ = {isa = PBXFileReference; lastKnownFileType = file.storyboard; name = Base; path = "34th-Sopt-Assignment/Resources/Base.lproj/LaunchScreen.storyboard"; sourceTree = SOURCE_ROOT; };
		DEC466D22BD77E17001F5BAA /* Assets.xcassets */ = {isa = PBXFileReference; lastKnownFileType = folder.assetcatalog; name = Assets.xcassets; path = "34th-Sopt-Assignment/Resources/Assets.xcassets"; sourceTree = SOURCE_ROOT; };
		DEE84F352BDF5DBE006605CB /* ReuseIdentifiable.swift */ = {isa = PBXFileReference; lastKnownFileType = sourcecode.swift; path = ReuseIdentifiable.swift; sourceTree = "<group>"; };
		DEE84F392BDF6086006605CB /* TvingTabBarController.swift */ = {isa = PBXFileReference; lastKnownFileType = sourcecode.swift; path = TvingTabBarController.swift; sourceTree = "<group>"; };
		DEE84F3B2BDF6F48006605CB /* HomeViewController.swift */ = {isa = PBXFileReference; lastKnownFileType = sourcecode.swift; path = HomeViewController.swift; sourceTree = "<group>"; };
		DEE84F412BDFBB51006605CB /* ComingSoonViewController.swift */ = {isa = PBXFileReference; lastKnownFileType = sourcecode.swift; path = ComingSoonViewController.swift; sourceTree = "<group>"; };
		DEE84F432BDFBB73006605CB /* SearchViewController.swift */ = {isa = PBXFileReference; lastKnownFileType = sourcecode.swift; path = SearchViewController.swift; sourceTree = "<group>"; };
		DEE84F452BDFBBA0006605CB /* HistoryViewController.swift */ = {isa = PBXFileReference; lastKnownFileType = sourcecode.swift; path = HistoryViewController.swift; sourceTree = "<group>"; };
		DEE84F492BDFBDF0006605CB /* UnderlineSegmentedControl.swift */ = {isa = PBXFileReference; lastKnownFileType = sourcecode.swift; path = UnderlineSegmentedControl.swift; sourceTree = "<group>"; };
		DEEE39D82BD781E100DE683E /* Color.xcassets */ = {isa = PBXFileReference; lastKnownFileType = folder.assetcatalog; path = Color.xcassets; sourceTree = "<group>"; };
		DEF003292BE0412700EF73F8 /* Program.swift */ = {isa = PBXFileReference; lastKnownFileType = sourcecode.swift; path = Program.swift; sourceTree = "<group>"; };
		DEF0032B2BE044C100EF73F8 /* SectionHeaderView.swift */ = {isa = PBXFileReference; lastKnownFileType = sourcecode.swift; path = SectionHeaderView.swift; sourceTree = "<group>"; };
		DEF0032E2BE0488300EF73F8 /* MainCell.swift */ = {isa = PBXFileReference; lastKnownFileType = sourcecode.swift; path = MainCell.swift; sourceTree = "<group>"; };
		DEF003302BE04E6400EF73F8 /* Screen.swift */ = {isa = PBXFileReference; lastKnownFileType = sourcecode.swift; path = Screen.swift; sourceTree = "<group>"; };
		DEF003342BE05DD000EF73F8 /* ImageAndTitleCell.swift */ = {isa = PBXFileReference; lastKnownFileType = sourcecode.swift; path = ImageAndTitleCell.swift; sourceTree = "<group>"; };
		DEF003362BE06F1E00EF73F8 /* MostCell.swift */ = {isa = PBXFileReference; lastKnownFileType = sourcecode.swift; path = MostCell.swift; sourceTree = "<group>"; };
		DEF003382BE0718500EF73F8 /* UIStackView+Extension.swift */ = {isa = PBXFileReference; lastKnownFileType = sourcecode.swift; path = "UIStackView+Extension.swift"; sourceTree = "<group>"; };
		DEF0033A2BE0780A00EF73F8 /* LongLogoCell.swift */ = {isa = PBXFileReference; lastKnownFileType = sourcecode.swift; path = LongLogoCell.swift; sourceTree = "<group>"; };
/* End PBXFileReference section */

/* Begin PBXFrameworksBuildPhase section */
		DE1954852BCD644B00070C12 /* Frameworks */ = {
			isa = PBXFrameworksBuildPhase;
			buildActionMask = 2147483647;
			files = (
				DE1954A42BCD6A8100070C12 /* Then in Frameworks */,
				DE1954A72BCD6A8D00070C12 /* SnapKit in Frameworks */,
				DE1954A92BCD6A8D00070C12 /* SnapKit-Dynamic in Frameworks */,
			);
			runOnlyForDeploymentPostprocessing = 0;
		};
/* End PBXFrameworksBuildPhase section */

/* Begin PBXGroup section */
		DE19547F2BCD644B00070C12 = {
			isa = PBXGroup;
			children = (
				DE19548A2BCD644B00070C12 /* 34th-Sopt-Assignment */,
				DE1954892BCD644B00070C12 /* Products */,
			);
			sourceTree = "<group>";
		};
		DE1954892BCD644B00070C12 /* Products */ = {
			isa = PBXGroup;
			children = (
				DE1954882BCD644B00070C12 /* 34th-Sopt-Assignment.app */,
			);
			name = Products;
			sourceTree = "<group>";
		};
		DE19548A2BCD644B00070C12 /* 34th-Sopt-Assignment */ = {
			isa = PBXGroup;
			children = (
				DE1954A02BCD64E900070C12 /* Resources */,
				DE19549F2BCD646D00070C12 /* Application */,
				DE1954A12BCD64F700070C12 /* Presentation */,
				DE1954BF2BCD734100070C12 /* Common */,
			);
			path = "34th-Sopt-Assignment";
			sourceTree = "<group>";
		};
		DE19549F2BCD646D00070C12 /* Application */ = {
			isa = PBXGroup;
			children = (
				DE19548B2BCD644B00070C12 /* AppDelegate.swift */,
				DE19548D2BCD644B00070C12 /* SceneDelegate.swift */,
			);
			path = Application;
			sourceTree = "<group>";
		};
		DE1954A02BCD64E900070C12 /* Resources */ = {
			isa = PBXGroup;
			children = (
				DE1954AC2BCD710B00070C12 /* Font */,
				DEC466D22BD77E17001F5BAA /* Assets.xcassets */,
				DEEE39D82BD781E100DE683E /* Color.xcassets */,
				DEC466CD2BD77DE9001F5BAA /* LaunchScreen.storyboard */,
				DEC466CB2BD77DD9001F5BAA /* Info.plist */,
			);
			name = Resources;
			path = Common/Resources;
			sourceTree = "<group>";
		};
		DE1954A12BCD64F700070C12 /* Presentation */ = {
			isa = PBXGroup;
			children = (
				DE9F2C032BD00DEA00E3189D /* Login */,
				DEE84F382BDF5F73006605CB /* Tabbar */,
				DEE84F372BDF5F58006605CB /* Home */,
				DEE84F3D2BDFBACB006605CB /* ComingSoon */,
				DEE84F3E2BDFBB02006605CB /* Search */,
				DEE84F3F2BDFBB09006605CB /* History */,
			);
			path = Presentation;
			sourceTree = "<group>";
		};
		DE1954AC2BCD710B00070C12 /* Font */ = {
			isa = PBXGroup;
			children = (
				DE46402E2BD7844D00FC13D8 /* Pretendard-Black.otf */,
				DE46402F2BD7844D00FC13D8 /* Pretendard-Bold.otf */,
				DE4640292BD7844D00FC13D8 /* Pretendard-ExtraBold.otf */,
				DE4640282BD7844D00FC13D8 /* Pretendard-ExtraLight.otf */,
				DE46402B2BD7844D00FC13D8 /* Pretendard-Light.otf */,
				DE46402C2BD7844D00FC13D8 /* Pretendard-Medium.otf */,
				DE46402D2BD7844D00FC13D8 /* Pretendard-Regular.otf */,
				DE46402A2BD7844D00FC13D8 /* Pretendard-SemiBold.otf */,
				DE4640302BD7844D00FC13D8 /* Pretendard-Thin.otf */,
			);
			path = Font;
			sourceTree = "<group>";
		};
		DE1954BF2BCD734100070C12 /* Common */ = {
			isa = PBXGroup;
			children = (
				DE9F2C062BD0114300E3189D /* Constants */,
				DE46403A2BD7AD4500FC13D8 /* Component */,
				DE9F2C122BD025C000E3189D /* Regex */,
				DE9F2C0B2BD01F9500E3189D /* Error */,
				DE1954C02BCD734E00070C12 /* Extensions */,
				DE9F2C0E2BD0233F00E3189D /* Utils */,
			);
			path = Common;
			sourceTree = "<group>";
		};
		DE1954C02BCD734E00070C12 /* Extensions */ = {
			isa = PBXGroup;
			children = (
				DE1954C12BCD735800070C12 /* UIFont+Extension.swift */,
				DE1954C32BCD737D00070C12 /* UITextField+Extension.swift */,
				DE1954C52BCD73B600070C12 /* UIView+Extension.swift */,
				DE1954C72BCD7E3A00070C12 /* UIButton+Extension.swift */,
				DE9F2C092BD0139400E3189D /* UIColor+Extension.swift */,
				DE9F2C192BD039E500E3189D /* UILabel+Extension.swift */,
				DEF003382BE0718500EF73F8 /* UIStackView+Extension.swift */,
			);
			path = Extensions;
			sourceTree = "<group>";
		};
		DE46403A2BD7AD4500FC13D8 /* Component */ = {
			isa = PBXGroup;
			children = (
				DE46403B2BD7AD6000FC13D8 /* TvingTextField.swift */,
			);
			path = Component;
			sourceTree = "<group>";
		};
		DE9F2C032BD00DEA00E3189D /* Login */ = {
			isa = PBXGroup;
			children = (
				DE19548F2BCD644B00070C12 /* LoginViewController.swift */,
				DE9F2C042BD00E0B00E3189D /* MakeNicknameViewController.swift */,
				DE9F2C172BD0314C00E3189D /* WelcomeViewController.swift */,
			);
			path = Login;
			sourceTree = "<group>";
		};
		DE9F2C062BD0114300E3189D /* Constants */ = {
			isa = PBXGroup;
			children = (
				DE9F2C072BD0115E00E3189D /* Constants.swift */,
			);
			path = Constants;
			sourceTree = "<group>";
		};
		DE9F2C0B2BD01F9500E3189D /* Error */ = {
			isa = PBXGroup;
			children = (
				DE9F2C0C2BD01FD300E3189D /* AppError.swift */,
			);
			path = Error;
			sourceTree = "<group>";
		};
		DE9F2C0E2BD0233F00E3189D /* Utils */ = {
			isa = PBXGroup;
			children = (
				DE9F2C0F2BD0235400E3189D /* AlertShowable.swift */,
				DE9F2C152BD0263800E3189D /* RegexCheckable.swift */,
				DEE84F352BDF5DBE006605CB /* ReuseIdentifiable.swift */,
				DEF003302BE04E6400EF73F8 /* Screen.swift */,
			);
			path = Utils;
			sourceTree = "<group>";
		};
		DE9F2C122BD025C000E3189D /* Regex */ = {
			isa = PBXGroup;
			children = (
				DE9F2C132BD025CB00E3189D /* Regex.swift */,
			);
			path = Regex;
			sourceTree = "<group>";
		};
		DEE84F372BDF5F58006605CB /* Home */ = {
			isa = PBXGroup;
			children = (
				DEF003282BE0411F00EF73F8 /* Models */,
				DEE84F472BDFBDC8006605CB /* Views */,
				DEE84F482BDFBDCF006605CB /* Controllers */,
			);
			path = Home;
			sourceTree = "<group>";
		};
		DEE84F382BDF5F73006605CB /* Tabbar */ = {
			isa = PBXGroup;
			children = (
				DEE84F392BDF6086006605CB /* TvingTabBarController.swift */,
			);
			path = Tabbar;
			sourceTree = "<group>";
		};
		DEE84F3D2BDFBACB006605CB /* ComingSoon */ = {
			isa = PBXGroup;
			children = (
				DEE84F412BDFBB51006605CB /* ComingSoonViewController.swift */,
			);
			path = ComingSoon;
			sourceTree = "<group>";
		};
		DEE84F3E2BDFBB02006605CB /* Search */ = {
			isa = PBXGroup;
			children = (
				DEE84F432BDFBB73006605CB /* SearchViewController.swift */,
			);
			path = Search;
			sourceTree = "<group>";
		};
		DEE84F3F2BDFBB09006605CB /* History */ = {
			isa = PBXGroup;
			children = (
				DEE84F452BDFBBA0006605CB /* HistoryViewController.swift */,
			);
			path = History;
			sourceTree = "<group>";
		};
		DEE84F472BDFBDC8006605CB /* Views */ = {
			isa = PBXGroup;
			children = (
				DEE84F492BDFBDF0006605CB /* UnderlineSegmentedControl.swift */,
				DEF0032B2BE044C100EF73F8 /* SectionHeaderView.swift */,
				DEF0032D2BE0487B00EF73F8 /* Cells */,
			);
			path = Views;
			sourceTree = "<group>";
		};
		DEE84F482BDFBDCF006605CB /* Controllers */ = {
			isa = PBXGroup;
			children = (
				DEE84F3B2BDF6F48006605CB /* HomeViewController.swift */,
				DEA1AF752BEDD81A00BDB474 /* FindViewController.swift */,
			);
			path = Controllers;
			sourceTree = "<group>";
		};
		DEF003282BE0411F00EF73F8 /* Models */ = {
			isa = PBXGroup;
			children = (
				DEF003292BE0412700EF73F8 /* Program.swift */,
			);
			path = Models;
			sourceTree = "<group>";
		};
		DEF0032D2BE0487B00EF73F8 /* Cells */ = {
			isa = PBXGroup;
			children = (
				DEF0032E2BE0488300EF73F8 /* MainCell.swift */,
				DEF003342BE05DD000EF73F8 /* ImageAndTitleCell.swift */,
				DEF003362BE06F1E00EF73F8 /* MostCell.swift */,
				DEF0033A2BE0780A00EF73F8 /* LongLogoCell.swift */,
			);
			path = Cells;
			sourceTree = "<group>";
		};
/* End PBXGroup section */

/* Begin PBXNativeTarget section */
		DE1954872BCD644B00070C12 /* 34th-Sopt-Assignment */ = {
			isa = PBXNativeTarget;
			buildConfigurationList = DE19549C2BCD644C00070C12 /* Build configuration list for PBXNativeTarget "34th-Sopt-Assignment" */;
			buildPhases = (
				DE1954842BCD644B00070C12 /* Sources */,
				DE1954852BCD644B00070C12 /* Frameworks */,
				DE1954862BCD644B00070C12 /* Resources */,
			);
			buildRules = (
			);
			dependencies = (
			);
			name = "34th-Sopt-Assignment";
			packageProductDependencies = (
				DE1954A32BCD6A8100070C12 /* Then */,
				DE1954A62BCD6A8D00070C12 /* SnapKit */,
				DE1954A82BCD6A8D00070C12 /* SnapKit-Dynamic */,
			);
			productName = "34th-Sopt-Assignment";
			productReference = DE1954882BCD644B00070C12 /* 34th-Sopt-Assignment.app */;
			productType = "com.apple.product-type.application";
		};
/* End PBXNativeTarget section */

/* Begin PBXProject section */
		DE1954802BCD644B00070C12 /* Project object */ = {
			isa = PBXProject;
			attributes = {
				BuildIndependentTargetsInParallel = 1;
				LastSwiftUpdateCheck = 1530;
				LastUpgradeCheck = 1530;
				TargetAttributes = {
					DE1954872BCD644B00070C12 = {
						CreatedOnToolsVersion = 15.3;
					};
				};
			};
			buildConfigurationList = DE1954832BCD644B00070C12 /* Build configuration list for PBXProject "34th-Sopt-Assignment" */;
			compatibilityVersion = "Xcode 14.0";
			developmentRegion = en;
			hasScannedForEncodings = 0;
			knownRegions = (
				en,
				Base,
			);
			mainGroup = DE19547F2BCD644B00070C12;
			packageReferences = (
				DE1954A22BCD6A8100070C12 /* XCRemoteSwiftPackageReference "Then" */,
				DE1954A52BCD6A8D00070C12 /* XCRemoteSwiftPackageReference "SnapKit" */,
			);
			productRefGroup = DE1954892BCD644B00070C12 /* Products */;
			projectDirPath = "";
			projectRoot = "";
			targets = (
				DE1954872BCD644B00070C12 /* 34th-Sopt-Assignment */,
			);
		};
/* End PBXProject section */

/* Begin PBXResourcesBuildPhase section */
		DE1954862BCD644B00070C12 /* Resources */ = {
			isa = PBXResourcesBuildPhase;
			buildActionMask = 2147483647;
			files = (
				DE4640382BD7844D00FC13D8 /* Pretendard-Bold.otf in Resources */,
				DEC466D32BD77E17001F5BAA /* Assets.xcassets in Resources */,
				DEC466CF2BD77DE9001F5BAA /* LaunchScreen.storyboard in Resources */,
				DE4640392BD7844D00FC13D8 /* Pretendard-Thin.otf in Resources */,
				DE4640322BD7844D00FC13D8 /* Pretendard-ExtraBold.otf in Resources */,
				DE4640352BD7844D00FC13D8 /* Pretendard-Medium.otf in Resources */,
				DE4640372BD7844D00FC13D8 /* Pretendard-Black.otf in Resources */,
				DE4640362BD7844D00FC13D8 /* Pretendard-Regular.otf in Resources */,
				DE4640332BD7844D00FC13D8 /* Pretendard-SemiBold.otf in Resources */,
				DE4640342BD7844D00FC13D8 /* Pretendard-Light.otf in Resources */,
				DE4640312BD7844D00FC13D8 /* Pretendard-ExtraLight.otf in Resources */,
				DEEE39D92BD781E100DE683E /* Color.xcassets in Resources */,
			);
			runOnlyForDeploymentPostprocessing = 0;
		};
/* End PBXResourcesBuildPhase section */

/* Begin PBXSourcesBuildPhase section */
		DE1954842BCD644B00070C12 /* Sources */ = {
			isa = PBXSourcesBuildPhase;
			buildActionMask = 2147483647;
			files = (
				DE1954C62BCD73B600070C12 /* UIView+Extension.swift in Sources */,
				DEE84F462BDFBBA0006605CB /* HistoryViewController.swift in Sources */,
				DE1954C42BCD737D00070C12 /* UITextField+Extension.swift in Sources */,
				DEF003372BE06F1E00EF73F8 /* MostCell.swift in Sources */,
				DE9F2C0D2BD01FD300E3189D /* AppError.swift in Sources */,
				DE1954902BCD644B00070C12 /* LoginViewController.swift in Sources */,
				DEF0032A2BE0412700EF73F8 /* Program.swift in Sources */,
				DEE84F362BDF5DBE006605CB /* ReuseIdentifiable.swift in Sources */,
				DEF003312BE04E6400EF73F8 /* Screen.swift in Sources */,
				DE19548C2BCD644B00070C12 /* AppDelegate.swift in Sources */,
				DEE84F3A2BDF6086006605CB /* TvingTabBarController.swift in Sources */,
				DE9F2C162BD0263800E3189D /* RegexCheckable.swift in Sources */,
				DEA1AF762BEDD81A00BDB474 /* FindViewController.swift in Sources */,
				DEF003352BE05DD000EF73F8 /* ImageAndTitleCell.swift in Sources */,
				DE9F2C182BD0314C00E3189D /* WelcomeViewController.swift in Sources */,
				DEF0033B2BE0780A00EF73F8 /* LongLogoCell.swift in Sources */,
				DE9F2C052BD00E0B00E3189D /* MakeNicknameViewController.swift in Sources */,
				DE9F2C1A2BD039E500E3189D /* UILabel+Extension.swift in Sources */,
				DE1954C22BCD735800070C12 /* UIFont+Extension.swift in Sources */,
				DEE84F4A2BDFBDF0006605CB /* UnderlineSegmentedControl.swift in Sources */,
				DEF0032C2BE044C100EF73F8 /* SectionHeaderView.swift in Sources */,
				DEE84F442BDFBB73006605CB /* SearchViewController.swift in Sources */,
				DEF003392BE0718500EF73F8 /* UIStackView+Extension.swift in Sources */,
				DEF0032F2BE0488300EF73F8 /* MainCell.swift in Sources */,
				DE46403C2BD7AD6000FC13D8 /* TvingTextField.swift in Sources */,
				DEE84F422BDFBB51006605CB /* ComingSoonViewController.swift in Sources */,
				DE9F2C102BD0235400E3189D /* AlertShowable.swift in Sources */,
				DE19548E2BCD644B00070C12 /* SceneDelegate.swift in Sources */,
				DE1954C82BCD7E3A00070C12 /* UIButton+Extension.swift in Sources */,
				DE9F2C082BD0115E00E3189D /* Constants.swift in Sources */,
				DE9F2C0A2BD0139400E3189D /* UIColor+Extension.swift in Sources */,
				DE9F2C142BD025CB00E3189D /* Regex.swift in Sources */,
				DEE84F3C2BDF6F48006605CB /* HomeViewController.swift in Sources */,
			);
			runOnlyForDeploymentPostprocessing = 0;
		};
/* End PBXSourcesBuildPhase section */

/* Begin PBXVariantGroup section */
		DEC466CD2BD77DE9001F5BAA /* LaunchScreen.storyboard */ = {
			isa = PBXVariantGroup;
			children = (
				DEC466CE2BD77DE9001F5BAA /* Base */,
			);
			name = LaunchScreen.storyboard;
			sourceTree = "<group>";
		};
/* End PBXVariantGroup section */

/* Begin XCBuildConfiguration section */
		DE19549A2BCD644C00070C12 /* Debug */ = {
			isa = XCBuildConfiguration;
			buildSettings = {
				ALWAYS_SEARCH_USER_PATHS = NO;
				ASSETCATALOG_COMPILER_GENERATE_SWIFT_ASSET_SYMBOL_EXTENSIONS = YES;
				CLANG_ANALYZER_NONNULL = YES;
				CLANG_ANALYZER_NUMBER_OBJECT_CONVERSION = YES_AGGRESSIVE;
				CLANG_CXX_LANGUAGE_STANDARD = "gnu++20";
				CLANG_ENABLE_MODULES = YES;
				CLANG_ENABLE_OBJC_ARC = YES;
				CLANG_ENABLE_OBJC_WEAK = YES;
				CLANG_WARN_BLOCK_CAPTURE_AUTORELEASING = YES;
				CLANG_WARN_BOOL_CONVERSION = YES;
				CLANG_WARN_COMMA = YES;
				CLANG_WARN_CONSTANT_CONVERSION = YES;
				CLANG_WARN_DEPRECATED_OBJC_IMPLEMENTATIONS = YES;
				CLANG_WARN_DIRECT_OBJC_ISA_USAGE = YES_ERROR;
				CLANG_WARN_DOCUMENTATION_COMMENTS = YES;
				CLANG_WARN_EMPTY_BODY = YES;
				CLANG_WARN_ENUM_CONVERSION = YES;
				CLANG_WARN_INFINITE_RECURSION = YES;
				CLANG_WARN_INT_CONVERSION = YES;
				CLANG_WARN_NON_LITERAL_NULL_CONVERSION = YES;
				CLANG_WARN_OBJC_IMPLICIT_RETAIN_SELF = YES;
				CLANG_WARN_OBJC_LITERAL_CONVERSION = YES;
				CLANG_WARN_OBJC_ROOT_CLASS = YES_ERROR;
				CLANG_WARN_QUOTED_INCLUDE_IN_FRAMEWORK_HEADER = YES;
				CLANG_WARN_RANGE_LOOP_ANALYSIS = YES;
				CLANG_WARN_STRICT_PROTOTYPES = YES;
				CLANG_WARN_SUSPICIOUS_MOVE = YES;
				CLANG_WARN_UNGUARDED_AVAILABILITY = YES_AGGRESSIVE;
				CLANG_WARN_UNREACHABLE_CODE = YES;
				CLANG_WARN__DUPLICATE_METHOD_MATCH = YES;
				COPY_PHASE_STRIP = NO;
				DEBUG_INFORMATION_FORMAT = dwarf;
				ENABLE_STRICT_OBJC_MSGSEND = YES;
				ENABLE_TESTABILITY = YES;
				ENABLE_USER_SCRIPT_SANDBOXING = YES;
				GCC_C_LANGUAGE_STANDARD = gnu17;
				GCC_DYNAMIC_NO_PIC = NO;
				GCC_NO_COMMON_BLOCKS = YES;
				GCC_OPTIMIZATION_LEVEL = 0;
				GCC_PREPROCESSOR_DEFINITIONS = (
					"DEBUG=1",
					"$(inherited)",
				);
				GCC_WARN_64_TO_32_BIT_CONVERSION = YES;
				GCC_WARN_ABOUT_RETURN_TYPE = YES_ERROR;
				GCC_WARN_UNDECLARED_SELECTOR = YES;
				GCC_WARN_UNINITIALIZED_AUTOS = YES_AGGRESSIVE;
				GCC_WARN_UNUSED_FUNCTION = YES;
				GCC_WARN_UNUSED_VARIABLE = YES;
				IPHONEOS_DEPLOYMENT_TARGET = 17.4;
				LOCALIZATION_PREFERS_STRING_CATALOGS = YES;
				MTL_ENABLE_DEBUG_INFO = INCLUDE_SOURCE;
				MTL_FAST_MATH = YES;
				ONLY_ACTIVE_ARCH = YES;
				SDKROOT = iphoneos;
				SWIFT_ACTIVE_COMPILATION_CONDITIONS = "DEBUG $(inherited)";
				SWIFT_OPTIMIZATION_LEVEL = "-Onone";
			};
			name = Debug;
		};
		DE19549B2BCD644C00070C12 /* Release */ = {
			isa = XCBuildConfiguration;
			buildSettings = {
				ALWAYS_SEARCH_USER_PATHS = NO;
				ASSETCATALOG_COMPILER_GENERATE_SWIFT_ASSET_SYMBOL_EXTENSIONS = YES;
				CLANG_ANALYZER_NONNULL = YES;
				CLANG_ANALYZER_NUMBER_OBJECT_CONVERSION = YES_AGGRESSIVE;
				CLANG_CXX_LANGUAGE_STANDARD = "gnu++20";
				CLANG_ENABLE_MODULES = YES;
				CLANG_ENABLE_OBJC_ARC = YES;
				CLANG_ENABLE_OBJC_WEAK = YES;
				CLANG_WARN_BLOCK_CAPTURE_AUTORELEASING = YES;
				CLANG_WARN_BOOL_CONVERSION = YES;
				CLANG_WARN_COMMA = YES;
				CLANG_WARN_CONSTANT_CONVERSION = YES;
				CLANG_WARN_DEPRECATED_OBJC_IMPLEMENTATIONS = YES;
				CLANG_WARN_DIRECT_OBJC_ISA_USAGE = YES_ERROR;
				CLANG_WARN_DOCUMENTATION_COMMENTS = YES;
				CLANG_WARN_EMPTY_BODY = YES;
				CLANG_WARN_ENUM_CONVERSION = YES;
				CLANG_WARN_INFINITE_RECURSION = YES;
				CLANG_WARN_INT_CONVERSION = YES;
				CLANG_WARN_NON_LITERAL_NULL_CONVERSION = YES;
				CLANG_WARN_OBJC_IMPLICIT_RETAIN_SELF = YES;
				CLANG_WARN_OBJC_LITERAL_CONVERSION = YES;
				CLANG_WARN_OBJC_ROOT_CLASS = YES_ERROR;
				CLANG_WARN_QUOTED_INCLUDE_IN_FRAMEWORK_HEADER = YES;
				CLANG_WARN_RANGE_LOOP_ANALYSIS = YES;
				CLANG_WARN_STRICT_PROTOTYPES = YES;
				CLANG_WARN_SUSPICIOUS_MOVE = YES;
				CLANG_WARN_UNGUARDED_AVAILABILITY = YES_AGGRESSIVE;
				CLANG_WARN_UNREACHABLE_CODE = YES;
				CLANG_WARN__DUPLICATE_METHOD_MATCH = YES;
				COPY_PHASE_STRIP = NO;
				DEBUG_INFORMATION_FORMAT = "dwarf-with-dsym";
				ENABLE_NS_ASSERTIONS = NO;
				ENABLE_STRICT_OBJC_MSGSEND = YES;
				ENABLE_USER_SCRIPT_SANDBOXING = YES;
				GCC_C_LANGUAGE_STANDARD = gnu17;
				GCC_NO_COMMON_BLOCKS = YES;
				GCC_WARN_64_TO_32_BIT_CONVERSION = YES;
				GCC_WARN_ABOUT_RETURN_TYPE = YES_ERROR;
				GCC_WARN_UNDECLARED_SELECTOR = YES;
				GCC_WARN_UNINITIALIZED_AUTOS = YES_AGGRESSIVE;
				GCC_WARN_UNUSED_FUNCTION = YES;
				GCC_WARN_UNUSED_VARIABLE = YES;
				IPHONEOS_DEPLOYMENT_TARGET = 17.4;
				LOCALIZATION_PREFERS_STRING_CATALOGS = YES;
				MTL_ENABLE_DEBUG_INFO = NO;
				MTL_FAST_MATH = YES;
				SDKROOT = iphoneos;
				SWIFT_COMPILATION_MODE = wholemodule;
				VALIDATE_PRODUCT = YES;
			};
			name = Release;
		};
		DE19549D2BCD644C00070C12 /* Debug */ = {
			isa = XCBuildConfiguration;
			buildSettings = {
				ASSETCATALOG_COMPILER_APPICON_NAME = AppIcon;
				ASSETCATALOG_COMPILER_GLOBAL_ACCENT_COLOR_NAME = AccentColor;
				CODE_SIGN_STYLE = Automatic;
				CURRENT_PROJECT_VERSION = 1;
				DEVELOPMENT_TEAM = 6LXF3U77V6;
				GENERATE_INFOPLIST_FILE = YES;
				INFOPLIST_FILE = "34th-Sopt-Assignment/Resources/Info.plist";
				INFOPLIST_KEY_UIApplicationSupportsIndirectInputEvents = YES;
				INFOPLIST_KEY_UILaunchStoryboardName = LaunchScreen;
				INFOPLIST_KEY_UISupportedInterfaceOrientations_iPad = "UIInterfaceOrientationPortrait UIInterfaceOrientationPortraitUpsideDown UIInterfaceOrientationLandscapeLeft UIInterfaceOrientationLandscapeRight";
				INFOPLIST_KEY_UISupportedInterfaceOrientations_iPhone = "UIInterfaceOrientationPortrait UIInterfaceOrientationLandscapeLeft UIInterfaceOrientationLandscapeRight";
				IPHONEOS_DEPLOYMENT_TARGET = 15.0;
				LD_RUNPATH_SEARCH_PATHS = (
					"$(inherited)",
					"@executable_path/Frameworks",
				);
				MARKETING_VERSION = 1.0;
				PRODUCT_BUNDLE_IDENTIFIER = "com.JinUng41.-4th-Sopt-Assignment";
				PRODUCT_NAME = "$(TARGET_NAME)";
				SUPPORTED_PLATFORMS = "iphoneos iphonesimulator";
				SUPPORTS_MACCATALYST = NO;
				SUPPORTS_MAC_DESIGNED_FOR_IPHONE_IPAD = NO;
				SUPPORTS_XR_DESIGNED_FOR_IPHONE_IPAD = NO;
				SWIFT_EMIT_LOC_STRINGS = YES;
				SWIFT_VERSION = 5.0;
				TARGETED_DEVICE_FAMILY = 1;
			};
			name = Debug;
		};
		DE19549E2BCD644C00070C12 /* Release */ = {
			isa = XCBuildConfiguration;
			buildSettings = {
				ASSETCATALOG_COMPILER_APPICON_NAME = AppIcon;
				ASSETCATALOG_COMPILER_GLOBAL_ACCENT_COLOR_NAME = AccentColor;
				CODE_SIGN_STYLE = Automatic;
				CURRENT_PROJECT_VERSION = 1;
				DEVELOPMENT_TEAM = 6LXF3U77V6;
				GENERATE_INFOPLIST_FILE = YES;
				INFOPLIST_FILE = "34th-Sopt-Assignment/Resources/Info.plist";
				INFOPLIST_KEY_UIApplicationSupportsIndirectInputEvents = YES;
				INFOPLIST_KEY_UILaunchStoryboardName = LaunchScreen;
				INFOPLIST_KEY_UISupportedInterfaceOrientations_iPad = "UIInterfaceOrientationPortrait UIInterfaceOrientationPortraitUpsideDown UIInterfaceOrientationLandscapeLeft UIInterfaceOrientationLandscapeRight";
				INFOPLIST_KEY_UISupportedInterfaceOrientations_iPhone = "UIInterfaceOrientationPortrait UIInterfaceOrientationLandscapeLeft UIInterfaceOrientationLandscapeRight";
				IPHONEOS_DEPLOYMENT_TARGET = 15.0;
				LD_RUNPATH_SEARCH_PATHS = (
					"$(inherited)",
					"@executable_path/Frameworks",
				);
				MARKETING_VERSION = 1.0;
				PRODUCT_BUNDLE_IDENTIFIER = "com.JinUng41.-4th-Sopt-Assignment";
				PRODUCT_NAME = "$(TARGET_NAME)";
				SUPPORTED_PLATFORMS = "iphoneos iphonesimulator";
				SUPPORTS_MACCATALYST = NO;
				SUPPORTS_MAC_DESIGNED_FOR_IPHONE_IPAD = NO;
				SUPPORTS_XR_DESIGNED_FOR_IPHONE_IPAD = NO;
				SWIFT_EMIT_LOC_STRINGS = YES;
				SWIFT_VERSION = 5.0;
				TARGETED_DEVICE_FAMILY = 1;
			};
			name = Release;
		};
/* End XCBuildConfiguration section */

/* Begin XCConfigurationList section */
		DE1954832BCD644B00070C12 /* Build configuration list for PBXProject "34th-Sopt-Assignment" */ = {
			isa = XCConfigurationList;
			buildConfigurations = (
				DE19549A2BCD644C00070C12 /* Debug */,
				DE19549B2BCD644C00070C12 /* Release */,
			);
			defaultConfigurationIsVisible = 0;
			defaultConfigurationName = Release;
		};
		DE19549C2BCD644C00070C12 /* Build configuration list for PBXNativeTarget "34th-Sopt-Assignment" */ = {
			isa = XCConfigurationList;
			buildConfigurations = (
				DE19549D2BCD644C00070C12 /* Debug */,
				DE19549E2BCD644C00070C12 /* Release */,
			);
			defaultConfigurationIsVisible = 0;
			defaultConfigurationName = Release;
		};
/* End XCConfigurationList section */

/* Begin XCRemoteSwiftPackageReference section */
		DE1954A22BCD6A8100070C12 /* XCRemoteSwiftPackageReference "Then" */ = {
			isa = XCRemoteSwiftPackageReference;
			repositoryURL = "https://github.com/devxoul/Then.git";
			requirement = {
				kind = upToNextMajorVersion;
				minimumVersion = 3.0.0;
			};
		};
		DE1954A52BCD6A8D00070C12 /* XCRemoteSwiftPackageReference "SnapKit" */ = {
			isa = XCRemoteSwiftPackageReference;
			repositoryURL = "https://github.com/SnapKit/SnapKit.git";
			requirement = {
				kind = upToNextMajorVersion;
				minimumVersion = 5.7.1;
			};
		};
/* End XCRemoteSwiftPackageReference section */

/* Begin XCSwiftPackageProductDependency section */
		DE1954A32BCD6A8100070C12 /* Then */ = {
			isa = XCSwiftPackageProductDependency;
			package = DE1954A22BCD6A8100070C12 /* XCRemoteSwiftPackageReference "Then" */;
			productName = Then;
		};
		DE1954A62BCD6A8D00070C12 /* SnapKit */ = {
			isa = XCSwiftPackageProductDependency;
			package = DE1954A52BCD6A8D00070C12 /* XCRemoteSwiftPackageReference "SnapKit" */;
			productName = SnapKit;
		};
		DE1954A82BCD6A8D00070C12 /* SnapKit-Dynamic */ = {
			isa = XCSwiftPackageProductDependency;
			package = DE1954A52BCD6A8D00070C12 /* XCRemoteSwiftPackageReference "SnapKit" */;
			productName = "SnapKit-Dynamic";
		};
/* End XCSwiftPackageProductDependency section */
	};
	rootObject = DE1954802BCD644B00070C12 /* Project object */;
}
