// !$*UTF8*$!
{
	archiveVersion = 1;
	classes = {
	};
	objectVersion = 56;
	objects = {

/* Begin PBXBuildFile section */
		DE09FD652C21D7C100B553A3 /* RxCocoa in Frameworks */ = {isa = PBXBuildFile; productRef = DE09FD642C21D7C100B553A3 /* RxCocoa */; };
		DE09FD672C21D7C100B553A3 /* RxRelay in Frameworks */ = {isa = PBXBuildFile; productRef = DE09FD662C21D7C100B553A3 /* RxRelay */; };
		DE09FD6A2C21D80A00B553A3 /* Differentiator in Frameworks */ = {isa = PBXBuildFile; productRef = DE09FD692C21D80A00B553A3 /* Differentiator */; };
		DE09FD6C2C21D80A00B553A3 /* RxDataSources in Frameworks */ = {isa = PBXBuildFile; productRef = DE09FD6B2C21D80A00B553A3 /* RxDataSources */; };
		DE09FD6E2C21E68200B553A3 /* HomeView.swift in Sources */ = {isa = PBXBuildFile; fileRef = DE09FD6D2C21E68200B553A3 /* HomeView.swift */; };
		DE19548C2BCD644B00070C12 /* AppDelegate.swift in Sources */ = {isa = PBXBuildFile; fileRef = DE19548B2BCD644B00070C12 /* AppDelegate.swift */; };
		DE19548E2BCD644B00070C12 /* SceneDelegate.swift in Sources */ = {isa = PBXBuildFile; fileRef = DE19548D2BCD644B00070C12 /* SceneDelegate.swift */; };
		DE1954902BCD644B00070C12 /* LoginViewController.swift in Sources */ = {isa = PBXBuildFile; fileRef = DE19548F2BCD644B00070C12 /* LoginViewController.swift */; };
		DE1954A42BCD6A8100070C12 /* Then in Frameworks */ = {isa = PBXBuildFile; productRef = DE1954A32BCD6A8100070C12 /* Then */; };
		DE1954C22BCD735800070C12 /* UIFont+.swift in Sources */ = {isa = PBXBuildFile; fileRef = DE1954C12BCD735800070C12 /* UIFont+.swift */; };
		DE1954C42BCD737D00070C12 /* UITextField+.swift in Sources */ = {isa = PBXBuildFile; fileRef = DE1954C32BCD737D00070C12 /* UITextField+.swift */; };
		DE1954C62BCD73B600070C12 /* UIView+.swift in Sources */ = {isa = PBXBuildFile; fileRef = DE1954C52BCD73B600070C12 /* UIView+.swift */; };
		DE1954C82BCD7E3A00070C12 /* UIButton+.swift in Sources */ = {isa = PBXBuildFile; fileRef = DE1954C72BCD7E3A00070C12 /* UIButton+.swift */; };
		DE4640312BD7844D00FC13D8 /* Pretendard-ExtraLight.otf in Resources */ = {isa = PBXBuildFile; fileRef = DE4640282BD7844D00FC13D8 /* Pretendard-ExtraLight.otf */; };
		DE4640322BD7844D00FC13D8 /* Pretendard-ExtraBold.otf in Resources */ = {isa = PBXBuildFile; fileRef = DE4640292BD7844D00FC13D8 /* Pretendard-ExtraBold.otf */; };
		DE4640332BD7844D00FC13D8 /* Pretendard-SemiBold.otf in Resources */ = {isa = PBXBuildFile; fileRef = DE46402A2BD7844D00FC13D8 /* Pretendard-SemiBold.otf */; };
		DE4640342BD7844D00FC13D8 /* Pretendard-Light.otf in Resources */ = {isa = PBXBuildFile; fileRef = DE46402B2BD7844D00FC13D8 /* Pretendard-Light.otf */; };
		DE4640352BD7844D00FC13D8 /* Pretendard-Medium.otf in Resources */ = {isa = PBXBuildFile; fileRef = DE46402C2BD7844D00FC13D8 /* Pretendard-Medium.otf */; };
		DE4640362BD7844D00FC13D8 /* Pretendard-Regular.otf in Resources */ = {isa = PBXBuildFile; fileRef = DE46402D2BD7844D00FC13D8 /* Pretendard-Regular.otf */; };
		DE4640372BD7844D00FC13D8 /* Pretendard-Black.otf in Resources */ = {isa = PBXBuildFile; fileRef = DE46402E2BD7844D00FC13D8 /* Pretendard-Black.otf */; };
		DE4640382BD7844D00FC13D8 /* Pretendard-Bold.otf in Resources */ = {isa = PBXBuildFile; fileRef = DE46402F2BD7844D00FC13D8 /* Pretendard-Bold.otf */; };
		DE4640392BD7844D00FC13D8 /* Pretendard-Thin.otf in Resources */ = {isa = PBXBuildFile; fileRef = DE4640302BD7844D00FC13D8 /* Pretendard-Thin.otf */; };
		DE46403C2BD7AD6000FC13D8 /* TvingTextField.swift in Sources */ = {isa = PBXBuildFile; fileRef = DE46403B2BD7AD6000FC13D8 /* TvingTextField.swift */; };
		DE6093B12C18A03E00447EA4 /* SnapKit in Frameworks */ = {isa = PBXBuildFile; productRef = DE6093B02C18A03E00447EA4 /* SnapKit */; };
		DE6A2E6F2C1ED2E3004DA3BB /* ViewModelType.swift in Sources */ = {isa = PBXBuildFile; fileRef = DE6A2E6E2C1ED2E3004DA3BB /* ViewModelType.swift */; };
		DE7FFCB52C1F3C1100C73CDE /* LoginView.swift in Sources */ = {isa = PBXBuildFile; fileRef = DE7FFCB42C1F3C1100C73CDE /* LoginView.swift */; };
		DE7FFCB72C1F421100C73CDE /* MakeNicknameView.swift in Sources */ = {isa = PBXBuildFile; fileRef = DE7FFCB62C1F421100C73CDE /* MakeNicknameView.swift */; };
		DE8101792C2F0099001F7090 /* FindView.swift in Sources */ = {isa = PBXBuildFile; fileRef = DE8101782C2F0099001F7090 /* FindView.swift */; };
		DE81017B2C2F0C77001F7090 /* MovieService.swift in Sources */ = {isa = PBXBuildFile; fileRef = DE81017A2C2F0C77001F7090 /* MovieService.swift */; };
		DE81017E2C2F20EE001F7090 /* LoginViewModel_ObservablePattern.swift in Sources */ = {isa = PBXBuildFile; fileRef = DE81017D2C2F20EE001F7090 /* LoginViewModel_ObservablePattern.swift */; };
		DE8101812C2F212F001F7090 /* LoginViewController_ObservablePattern.swift in Sources */ = {isa = PBXBuildFile; fileRef = DE8101802C2F212F001F7090 /* LoginViewController_ObservablePattern.swift */; };
		DE8101842C2F22EE001F7090 /* ObservablePattern.swift in Sources */ = {isa = PBXBuildFile; fileRef = DE8101832C2F22EE001F7090 /* ObservablePattern.swift */; };
		DE81F45D2C02D8AD00DA4804 /* LoginViewModel.swift in Sources */ = {isa = PBXBuildFile; fileRef = DE81F45C2C02D8AD00DA4804 /* LoginViewModel.swift */; };
		DE81F4602C03178600DA4804 /* MakeNicknameViewModel.swift in Sources */ = {isa = PBXBuildFile; fileRef = DE81F45F2C03178600DA4804 /* MakeNicknameViewModel.swift */; };
		DE81F4622C034AED00DA4804 /* HomeViewModel.swift in Sources */ = {isa = PBXBuildFile; fileRef = DE81F4612C034AED00DA4804 /* HomeViewModel.swift */; };
		DE81F4642C03727200DA4804 /* FindViewModel.swift in Sources */ = {isa = PBXBuildFile; fileRef = DE81F4632C03727200DA4804 /* FindViewModel.swift */; };
		DE9912FD2C0BB753002A73CB /* Coordinator.swift in Sources */ = {isa = PBXBuildFile; fileRef = DE9912FC2C0BB753002A73CB /* Coordinator.swift */; };
		DE9912FF2C0BB7A5002A73CB /* AppCoordinator.swift in Sources */ = {isa = PBXBuildFile; fileRef = DE9912FE2C0BB7A5002A73CB /* AppCoordinator.swift */; };
		DE9913042C0BB906002A73CB /* LoginCoordinator.swift in Sources */ = {isa = PBXBuildFile; fileRef = DE9913032C0BB906002A73CB /* LoginCoordinator.swift */; };
		DE9BA3492C06401D00C8D6EB /* Date+.swift in Sources */ = {isa = PBXBuildFile; fileRef = DE9BA3482C06401D00C8D6EB /* Date+.swift */; };
		DE9F2C052BD00E0B00E3189D /* MakeNicknameViewController.swift in Sources */ = {isa = PBXBuildFile; fileRef = DE9F2C042BD00E0B00E3189D /* MakeNicknameViewController.swift */; };
		DE9F2C082BD0115E00E3189D /* Constants.swift in Sources */ = {isa = PBXBuildFile; fileRef = DE9F2C072BD0115E00E3189D /* Constants.swift */; };
		DE9F2C0A2BD0139400E3189D /* UIColor+.swift in Sources */ = {isa = PBXBuildFile; fileRef = DE9F2C092BD0139400E3189D /* UIColor+.swift */; };
		DE9F2C0D2BD01FD300E3189D /* AppError.swift in Sources */ = {isa = PBXBuildFile; fileRef = DE9F2C0C2BD01FD300E3189D /* AppError.swift */; };
		DE9F2C102BD0235400E3189D /* AlertShowable.swift in Sources */ = {isa = PBXBuildFile; fileRef = DE9F2C0F2BD0235400E3189D /* AlertShowable.swift */; };
		DE9F2C142BD025CB00E3189D /* Regex.swift in Sources */ = {isa = PBXBuildFile; fileRef = DE9F2C132BD025CB00E3189D /* Regex.swift */; };
		DE9F2C162BD0263800E3189D /* RegexCheckable.swift in Sources */ = {isa = PBXBuildFile; fileRef = DE9F2C152BD0263800E3189D /* RegexCheckable.swift */; };
		DE9F2C182BD0314C00E3189D /* WelcomeViewController.swift in Sources */ = {isa = PBXBuildFile; fileRef = DE9F2C172BD0314C00E3189D /* WelcomeViewController.swift */; };
		DE9F2C1A2BD039E500E3189D /* UILabel+.swift in Sources */ = {isa = PBXBuildFile; fileRef = DE9F2C192BD039E500E3189D /* UILabel+.swift */; };
		DEA1AF762BEDD81A00BDB474 /* FindViewController.swift in Sources */ = {isa = PBXBuildFile; fileRef = DEA1AF752BEDD81A00BDB474 /* FindViewController.swift */; };
		DEA1AF782BEDEA0300BDB474 /* BoxOfficeCell.swift in Sources */ = {isa = PBXBuildFile; fileRef = DEA1AF772BEDEA0300BDB474 /* BoxOfficeCell.swift */; };
		DEA1AF7A2BEDF40300BDB474 /* DailyBoxOffice.swift in Sources */ = {isa = PBXBuildFile; fileRef = DEA1AF792BEDF40300BDB474 /* DailyBoxOffice.swift */; };
		DEA1AF7C2BEDF9CC00BDB474 /* APIKeys.plist in Resources */ = {isa = PBXBuildFile; fileRef = DEA1AF7B2BEDF9CC00BDB474 /* APIKeys.plist */; };
		DEA1AF7E2BEDFA7E00BDB474 /* Bundle+.swift in Sources */ = {isa = PBXBuildFile; fileRef = DEA1AF7D2BEDFA7E00BDB474 /* Bundle+.swift */; };
		DEA1AF862BEDFDBB00BDB474 /* Config.swift in Sources */ = {isa = PBXBuildFile; fileRef = DEA1AF852BEDFDBB00BDB474 /* Config.swift */; };
		DEA1AF882BEDFDE000BDB474 /* NetworkResult.swift in Sources */ = {isa = PBXBuildFile; fileRef = DEA1AF872BEDFDE000BDB474 /* NetworkResult.swift */; };
		DEA1AF8B2BEDFE3D00BDB474 /* CombineMoya in Frameworks */ = {isa = PBXBuildFile; productRef = DEA1AF8A2BEDFE3D00BDB474 /* CombineMoya */; };
		DEA1AF8D2BEDFE3D00BDB474 /* Moya in Frameworks */ = {isa = PBXBuildFile; productRef = DEA1AF8C2BEDFE3D00BDB474 /* Moya */; };
		DEA1AF8F2BEDFE3D00BDB474 /* ReactiveMoya in Frameworks */ = {isa = PBXBuildFile; productRef = DEA1AF8E2BEDFE3D00BDB474 /* ReactiveMoya */; };
		DEA1AF912BEDFE3D00BDB474 /* RxMoya in Frameworks */ = {isa = PBXBuildFile; productRef = DEA1AF902BEDFE3D00BDB474 /* RxMoya */; };
		DEA1AF932BEDFE7400BDB474 /* MoyaLoggingPlugin.swift in Sources */ = {isa = PBXBuildFile; fileRef = DEA1AF922BEDFE7400BDB474 /* MoyaLoggingPlugin.swift */; };
		DEA1AF962BEDFED900BDB474 /* BoxOfficeTargetType.swift in Sources */ = {isa = PBXBuildFile; fileRef = DEA1AF952BEDFED900BDB474 /* BoxOfficeTargetType.swift */; };
		DEC466CF2BD77DE9001F5BAA /* LaunchScreen.storyboard in Resources */ = {isa = PBXBuildFile; fileRef = DEC466CD2BD77DE9001F5BAA /* LaunchScreen.storyboard */; };
		DEC466D32BD77E17001F5BAA /* Assets.xcassets in Resources */ = {isa = PBXBuildFile; fileRef = DEC466D22BD77E17001F5BAA /* Assets.xcassets */; };
		DED033B02C121245006C53EC /* TvingTabBarCoordinator.swift in Sources */ = {isa = PBXBuildFile; fileRef = DED033AF2C121245006C53EC /* TvingTabBarCoordinator.swift */; };
		DED033B32C1217C0006C53EC /* HomeCoordinator.swift in Sources */ = {isa = PBXBuildFile; fileRef = DED033B22C1217C0006C53EC /* HomeCoordinator.swift */; };
		DED033B52C1219D3006C53EC /* ComingSoonCoordinator.swift in Sources */ = {isa = PBXBuildFile; fileRef = DED033B42C1219D3006C53EC /* ComingSoonCoordinator.swift */; };
		DED033B72C121ACA006C53EC /* SearchCoordinator.swift in Sources */ = {isa = PBXBuildFile; fileRef = DED033B62C121ACA006C53EC /* SearchCoordinator.swift */; };
		DED033B92C121AE4006C53EC /* HistoryCoordinator.swift in Sources */ = {isa = PBXBuildFile; fileRef = DED033B82C121AE3006C53EC /* HistoryCoordinator.swift */; };
		DEE84F362BDF5DBE006605CB /* ReuseIdentifiable.swift in Sources */ = {isa = PBXBuildFile; fileRef = DEE84F352BDF5DBE006605CB /* ReuseIdentifiable.swift */; };
		DEE84F3A2BDF6086006605CB /* TvingTabBarController.swift in Sources */ = {isa = PBXBuildFile; fileRef = DEE84F392BDF6086006605CB /* TvingTabBarController.swift */; };
		DEE84F3C2BDF6F48006605CB /* HomeViewController.swift in Sources */ = {isa = PBXBuildFile; fileRef = DEE84F3B2BDF6F48006605CB /* HomeViewController.swift */; };
		DEE84F422BDFBB51006605CB /* ComingSoonViewController.swift in Sources */ = {isa = PBXBuildFile; fileRef = DEE84F412BDFBB51006605CB /* ComingSoonViewController.swift */; };
		DEE84F442BDFBB73006605CB /* SearchViewController.swift in Sources */ = {isa = PBXBuildFile; fileRef = DEE84F432BDFBB73006605CB /* SearchViewController.swift */; };
		DEE84F462BDFBBA0006605CB /* HistoryViewController.swift in Sources */ = {isa = PBXBuildFile; fileRef = DEE84F452BDFBBA0006605CB /* HistoryViewController.swift */; };
		DEE84F4A2BDFBDF0006605CB /* UnderlineSegmentedControl.swift in Sources */ = {isa = PBXBuildFile; fileRef = DEE84F492BDFBDF0006605CB /* UnderlineSegmentedControl.swift */; };
		DEEE39D92BD781E100DE683E /* Color.xcassets in Resources */ = {isa = PBXBuildFile; fileRef = DEEE39D82BD781E100DE683E /* Color.xcassets */; };
		DEF0032A2BE0412700EF73F8 /* Program.swift in Sources */ = {isa = PBXBuildFile; fileRef = DEF003292BE0412700EF73F8 /* Program.swift */; };
		DEF0032C2BE044C100EF73F8 /* SectionHeaderView.swift in Sources */ = {isa = PBXBuildFile; fileRef = DEF0032B2BE044C100EF73F8 /* SectionHeaderView.swift */; };
		DEF0032F2BE0488300EF73F8 /* MainCell.swift in Sources */ = {isa = PBXBuildFile; fileRef = DEF0032E2BE0488300EF73F8 /* MainCell.swift */; };
		DEF003312BE04E6400EF73F8 /* Screen.swift in Sources */ = {isa = PBXBuildFile; fileRef = DEF003302BE04E6400EF73F8 /* Screen.swift */; };
		DEF003352BE05DD000EF73F8 /* ImageAndTitleCell.swift in Sources */ = {isa = PBXBuildFile; fileRef = DEF003342BE05DD000EF73F8 /* ImageAndTitleCell.swift */; };
		DEF003372BE06F1E00EF73F8 /* MostCell.swift in Sources */ = {isa = PBXBuildFile; fileRef = DEF003362BE06F1E00EF73F8 /* MostCell.swift */; };
		DEF003392BE0718500EF73F8 /* UIStackView+.swift in Sources */ = {isa = PBXBuildFile; fileRef = DEF003382BE0718500EF73F8 /* UIStackView+.swift */; };
		DEF0033B2BE0780A00EF73F8 /* LongLogoCell.swift in Sources */ = {isa = PBXBuildFile; fileRef = DEF0033A2BE0780A00EF73F8 /* LongLogoCell.swift */; };
/* End PBXBuildFile section */

/* Begin PBXFileReference section */
		DE09FD6D2C21E68200B553A3 /* HomeView.swift */ = {isa = PBXFileReference; lastKnownFileType = sourcecode.swift; path = HomeView.swift; sourceTree = "<group>"; };
		DE1954882BCD644B00070C12 /* 34th-Sopt-Assignment.app */ = {isa = PBXFileReference; explicitFileType = wrapper.application; includeInIndex = 0; path = "34th-Sopt-Assignment.app"; sourceTree = BUILT_PRODUCTS_DIR; };
		DE19548B2BCD644B00070C12 /* AppDelegate.swift */ = {isa = PBXFileReference; lastKnownFileType = sourcecode.swift; path = AppDelegate.swift; sourceTree = "<group>"; };
		DE19548D2BCD644B00070C12 /* SceneDelegate.swift */ = {isa = PBXFileReference; lastKnownFileType = sourcecode.swift; path = SceneDelegate.swift; sourceTree = "<group>"; };
		DE19548F2BCD644B00070C12 /* LoginViewController.swift */ = {isa = PBXFileReference; lastKnownFileType = sourcecode.swift; path = LoginViewController.swift; sourceTree = "<group>"; };
		DE1954C12BCD735800070C12 /* UIFont+.swift */ = {isa = PBXFileReference; lastKnownFileType = sourcecode.swift; path = "UIFont+.swift"; sourceTree = "<group>"; };
		DE1954C32BCD737D00070C12 /* UITextField+.swift */ = {isa = PBXFileReference; lastKnownFileType = sourcecode.swift; path = "UITextField+.swift"; sourceTree = "<group>"; };
		DE1954C52BCD73B600070C12 /* UIView+.swift */ = {isa = PBXFileReference; lastKnownFileType = sourcecode.swift; path = "UIView+.swift"; sourceTree = "<group>"; };
		DE1954C72BCD7E3A00070C12 /* UIButton+.swift */ = {isa = PBXFileReference; lastKnownFileType = sourcecode.swift; path = "UIButton+.swift"; sourceTree = "<group>"; };
		DE4640282BD7844D00FC13D8 /* Pretendard-ExtraLight.otf */ = {isa = PBXFileReference; lastKnownFileType = file; name = "Pretendard-ExtraLight.otf"; path = "34th-Sopt-Assignment/Resources/Font/Pretendard-ExtraLight.otf"; sourceTree = SOURCE_ROOT; };
		DE4640292BD7844D00FC13D8 /* Pretendard-ExtraBold.otf */ = {isa = PBXFileReference; lastKnownFileType = file; name = "Pretendard-ExtraBold.otf"; path = "34th-Sopt-Assignment/Resources/Font/Pretendard-ExtraBold.otf"; sourceTree = SOURCE_ROOT; };
		DE46402A2BD7844D00FC13D8 /* Pretendard-SemiBold.otf */ = {isa = PBXFileReference; lastKnownFileType = file; name = "Pretendard-SemiBold.otf"; path = "34th-Sopt-Assignment/Resources/Font/Pretendard-SemiBold.otf"; sourceTree = SOURCE_ROOT; };
		DE46402B2BD7844D00FC13D8 /* Pretendard-Light.otf */ = {isa = PBXFileReference; lastKnownFileType = file; name = "Pretendard-Light.otf"; path = "34th-Sopt-Assignment/Resources/Font/Pretendard-Light.otf"; sourceTree = SOURCE_ROOT; };
		DE46402C2BD7844D00FC13D8 /* Pretendard-Medium.otf */ = {isa = PBXFileReference; lastKnownFileType = file; name = "Pretendard-Medium.otf"; path = "34th-Sopt-Assignment/Resources/Font/Pretendard-Medium.otf"; sourceTree = SOURCE_ROOT; };
		DE46402D2BD7844D00FC13D8 /* Pretendard-Regular.otf */ = {isa = PBXFileReference; lastKnownFileType = file; name = "Pretendard-Regular.otf"; path = "34th-Sopt-Assignment/Resources/Font/Pretendard-Regular.otf"; sourceTree = SOURCE_ROOT; };
		DE46402E2BD7844D00FC13D8 /* Pretendard-Black.otf */ = {isa = PBXFileReference; lastKnownFileType = file; name = "Pretendard-Black.otf"; path = "34th-Sopt-Assignment/Resources/Font/Pretendard-Black.otf"; sourceTree = SOURCE_ROOT; };
		DE46402F2BD7844D00FC13D8 /* Pretendard-Bold.otf */ = {isa = PBXFileReference; lastKnownFileType = file; name = "Pretendard-Bold.otf"; path = "34th-Sopt-Assignment/Resources/Font/Pretendard-Bold.otf"; sourceTree = SOURCE_ROOT; };
		DE4640302BD7844D00FC13D8 /* Pretendard-Thin.otf */ = {isa = PBXFileReference; lastKnownFileType = file; name = "Pretendard-Thin.otf"; path = "34th-Sopt-Assignment/Resources/Font/Pretendard-Thin.otf"; sourceTree = SOURCE_ROOT; };
		DE46403B2BD7AD6000FC13D8 /* TvingTextField.swift */ = {isa = PBXFileReference; lastKnownFileType = sourcecode.swift; path = TvingTextField.swift; sourceTree = "<group>"; };
		DE6A2E6E2C1ED2E3004DA3BB /* ViewModelType.swift */ = {isa = PBXFileReference; lastKnownFileType = sourcecode.swift; path = ViewModelType.swift; sourceTree = "<group>"; };
		DE7FFCB42C1F3C1100C73CDE /* LoginView.swift */ = {isa = PBXFileReference; lastKnownFileType = sourcecode.swift; path = LoginView.swift; sourceTree = "<group>"; };
		DE7FFCB62C1F421100C73CDE /* MakeNicknameView.swift */ = {isa = PBXFileReference; lastKnownFileType = sourcecode.swift; path = MakeNicknameView.swift; sourceTree = "<group>"; };
		DE8101782C2F0099001F7090 /* FindView.swift */ = {isa = PBXFileReference; lastKnownFileType = sourcecode.swift; path = FindView.swift; sourceTree = "<group>"; };
		DE81017A2C2F0C77001F7090 /* MovieService.swift */ = {isa = PBXFileReference; lastKnownFileType = sourcecode.swift; path = MovieService.swift; sourceTree = "<group>"; };
		DE81017D2C2F20EE001F7090 /* LoginViewModel_ObservablePattern.swift */ = {isa = PBXFileReference; lastKnownFileType = sourcecode.swift; path = LoginViewModel_ObservablePattern.swift; sourceTree = "<group>"; };
		DE8101802C2F212F001F7090 /* LoginViewController_ObservablePattern.swift */ = {isa = PBXFileReference; lastKnownFileType = sourcecode.swift; path = LoginViewController_ObservablePattern.swift; sourceTree = "<group>"; };
		DE8101832C2F22EE001F7090 /* ObservablePattern.swift */ = {isa = PBXFileReference; lastKnownFileType = sourcecode.swift; path = ObservablePattern.swift; sourceTree = "<group>"; };
		DE81F45C2C02D8AD00DA4804 /* LoginViewModel.swift */ = {isa = PBXFileReference; lastKnownFileType = sourcecode.swift; path = LoginViewModel.swift; sourceTree = "<group>"; };
		DE81F45F2C03178600DA4804 /* MakeNicknameViewModel.swift */ = {isa = PBXFileReference; lastKnownFileType = sourcecode.swift; path = MakeNicknameViewModel.swift; sourceTree = "<group>"; };
		DE81F4612C034AED00DA4804 /* HomeViewModel.swift */ = {isa = PBXFileReference; lastKnownFileType = sourcecode.swift; path = HomeViewModel.swift; sourceTree = "<group>"; };
		DE81F4632C03727200DA4804 /* FindViewModel.swift */ = {isa = PBXFileReference; lastKnownFileType = sourcecode.swift; path = FindViewModel.swift; sourceTree = "<group>"; };
		DE9912FC2C0BB753002A73CB /* Coordinator.swift */ = {isa = PBXFileReference; lastKnownFileType = sourcecode.swift; path = Coordinator.swift; sourceTree = "<group>"; };
		DE9912FE2C0BB7A5002A73CB /* AppCoordinator.swift */ = {isa = PBXFileReference; lastKnownFileType = sourcecode.swift; path = AppCoordinator.swift; sourceTree = "<group>"; };
		DE9913032C0BB906002A73CB /* LoginCoordinator.swift */ = {isa = PBXFileReference; lastKnownFileType = sourcecode.swift; path = LoginCoordinator.swift; sourceTree = "<group>"; };
		DE9BA3482C06401D00C8D6EB /* Date+.swift */ = {isa = PBXFileReference; lastKnownFileType = sourcecode.swift; path = "Date+.swift"; sourceTree = "<group>"; };
		DE9F2C042BD00E0B00E3189D /* MakeNicknameViewController.swift */ = {isa = PBXFileReference; lastKnownFileType = sourcecode.swift; path = MakeNicknameViewController.swift; sourceTree = "<group>"; };
		DE9F2C072BD0115E00E3189D /* Constants.swift */ = {isa = PBXFileReference; lastKnownFileType = sourcecode.swift; path = Constants.swift; sourceTree = "<group>"; };
		DE9F2C092BD0139400E3189D /* UIColor+.swift */ = {isa = PBXFileReference; lastKnownFileType = sourcecode.swift; path = "UIColor+.swift"; sourceTree = "<group>"; };
		DE9F2C0C2BD01FD300E3189D /* AppError.swift */ = {isa = PBXFileReference; lastKnownFileType = sourcecode.swift; path = AppError.swift; sourceTree = "<group>"; };
		DE9F2C0F2BD0235400E3189D /* AlertShowable.swift */ = {isa = PBXFileReference; lastKnownFileType = sourcecode.swift; path = AlertShowable.swift; sourceTree = "<group>"; };
		DE9F2C132BD025CB00E3189D /* Regex.swift */ = {isa = PBXFileReference; lastKnownFileType = sourcecode.swift; path = Regex.swift; sourceTree = "<group>"; };
		DE9F2C152BD0263800E3189D /* RegexCheckable.swift */ = {isa = PBXFileReference; lastKnownFileType = sourcecode.swift; path = RegexCheckable.swift; sourceTree = "<group>"; };
		DE9F2C172BD0314C00E3189D /* WelcomeViewController.swift */ = {isa = PBXFileReference; lastKnownFileType = sourcecode.swift; path = WelcomeViewController.swift; sourceTree = "<group>"; };
		DE9F2C192BD039E500E3189D /* UILabel+.swift */ = {isa = PBXFileReference; lastKnownFileType = sourcecode.swift; path = "UILabel+.swift"; sourceTree = "<group>"; };
		DEA1AF752BEDD81A00BDB474 /* FindViewController.swift */ = {isa = PBXFileReference; lastKnownFileType = sourcecode.swift; path = FindViewController.swift; sourceTree = "<group>"; };
		DEA1AF772BEDEA0300BDB474 /* BoxOfficeCell.swift */ = {isa = PBXFileReference; lastKnownFileType = sourcecode.swift; path = BoxOfficeCell.swift; sourceTree = "<group>"; };
		DEA1AF792BEDF40300BDB474 /* DailyBoxOffice.swift */ = {isa = PBXFileReference; lastKnownFileType = sourcecode.swift; path = DailyBoxOffice.swift; sourceTree = "<group>"; };
		DEA1AF7B2BEDF9CC00BDB474 /* APIKeys.plist */ = {isa = PBXFileReference; lastKnownFileType = text.plist.xml; path = APIKeys.plist; sourceTree = "<group>"; };
		DEA1AF7D2BEDFA7E00BDB474 /* Bundle+.swift */ = {isa = PBXFileReference; lastKnownFileType = sourcecode.swift; path = "Bundle+.swift"; sourceTree = "<group>"; };
		DEA1AF852BEDFDBB00BDB474 /* Config.swift */ = {isa = PBXFileReference; lastKnownFileType = sourcecode.swift; path = Config.swift; sourceTree = "<group>"; };
		DEA1AF872BEDFDE000BDB474 /* NetworkResult.swift */ = {isa = PBXFileReference; lastKnownFileType = sourcecode.swift; path = NetworkResult.swift; sourceTree = "<group>"; };
		DEA1AF922BEDFE7400BDB474 /* MoyaLoggingPlugin.swift */ = {isa = PBXFileReference; lastKnownFileType = sourcecode.swift; path = MoyaLoggingPlugin.swift; sourceTree = "<group>"; };
		DEA1AF952BEDFED900BDB474 /* BoxOfficeTargetType.swift */ = {isa = PBXFileReference; lastKnownFileType = sourcecode.swift; path = BoxOfficeTargetType.swift; sourceTree = "<group>"; };
		DEC466CB2BD77DD9001F5BAA /* Info.plist */ = {isa = PBXFileReference; fileEncoding = 4; lastKnownFileType = text.plist.xml; name = Info.plist; path = "34th-Sopt-Assignment/Resources/Info.plist"; sourceTree = SOURCE_ROOT; };
		DEC466CE2BD77DE9001F5BAA /* Base */ = {isa = PBXFileReference; lastKnownFileType = file.storyboard; name = Base; path = "34th-Sopt-Assignment/Resources/Base.lproj/LaunchScreen.storyboard"; sourceTree = SOURCE_ROOT; };
		DEC466D22BD77E17001F5BAA /* Assets.xcassets */ = {isa = PBXFileReference; lastKnownFileType = folder.assetcatalog; name = Assets.xcassets; path = "34th-Sopt-Assignment/Resources/Assets.xcassets"; sourceTree = SOURCE_ROOT; };
		DED033AF2C121245006C53EC /* TvingTabBarCoordinator.swift */ = {isa = PBXFileReference; lastKnownFileType = sourcecode.swift; path = TvingTabBarCoordinator.swift; sourceTree = "<group>"; };
		DED033B22C1217C0006C53EC /* HomeCoordinator.swift */ = {isa = PBXFileReference; lastKnownFileType = sourcecode.swift; path = HomeCoordinator.swift; sourceTree = "<group>"; };
		DED033B42C1219D3006C53EC /* ComingSoonCoordinator.swift */ = {isa = PBXFileReference; lastKnownFileType = sourcecode.swift; path = ComingSoonCoordinator.swift; sourceTree = "<group>"; };
		DED033B62C121ACA006C53EC /* SearchCoordinator.swift */ = {isa = PBXFileReference; lastKnownFileType = sourcecode.swift; path = SearchCoordinator.swift; sourceTree = "<group>"; };
		DED033B82C121AE3006C53EC /* HistoryCoordinator.swift */ = {isa = PBXFileReference; lastKnownFileType = sourcecode.swift; path = HistoryCoordinator.swift; sourceTree = "<group>"; };
		DEE84F352BDF5DBE006605CB /* ReuseIdentifiable.swift */ = {isa = PBXFileReference; lastKnownFileType = sourcecode.swift; path = ReuseIdentifiable.swift; sourceTree = "<group>"; };
		DEE84F392BDF6086006605CB /* TvingTabBarController.swift */ = {isa = PBXFileReference; lastKnownFileType = sourcecode.swift; path = TvingTabBarController.swift; sourceTree = "<group>"; };
		DEE84F3B2BDF6F48006605CB /* HomeViewController.swift */ = {isa = PBXFileReference; lastKnownFileType = sourcecode.swift; path = HomeViewController.swift; sourceTree = "<group>"; };
		DEE84F412BDFBB51006605CB /* ComingSoonViewController.swift */ = {isa = PBXFileReference; lastKnownFileType = sourcecode.swift; path = ComingSoonViewController.swift; sourceTree = "<group>"; };
		DEE84F432BDFBB73006605CB /* SearchViewController.swift */ = {isa = PBXFileReference; lastKnownFileType = sourcecode.swift; path = SearchViewController.swift; sourceTree = "<group>"; };
		DEE84F452BDFBBA0006605CB /* HistoryViewController.swift */ = {isa = PBXFileReference; lastKnownFileType = sourcecode.swift; path = HistoryViewController.swift; sourceTree = "<group>"; };
		DEE84F492BDFBDF0006605CB /* UnderlineSegmentedControl.swift */ = {isa = PBXFileReference; lastKnownFileType = sourcecode.swift; path = UnderlineSegmentedControl.swift; sourceTree = "<group>"; };
		DEEE39D82BD781E100DE683E /* Color.xcassets */ = {isa = PBXFileReference; lastKnownFileType = folder.assetcatalog; path = Color.xcassets; sourceTree = "<group>"; };
		DEF003292BE0412700EF73F8 /* Program.swift */ = {isa = PBXFileReference; lastKnownFileType = sourcecode.swift; path = Program.swift; sourceTree = "<group>"; };
		DEF0032B2BE044C100EF73F8 /* SectionHeaderView.swift */ = {isa = PBXFileReference; lastKnownFileType = sourcecode.swift; path = SectionHeaderView.swift; sourceTree = "<group>"; };
		DEF0032E2BE0488300EF73F8 /* MainCell.swift */ = {isa = PBXFileReference; lastKnownFileType = sourcecode.swift; path = MainCell.swift; sourceTree = "<group>"; };
		DEF003302BE04E6400EF73F8 /* Screen.swift */ = {isa = PBXFileReference; lastKnownFileType = sourcecode.swift; path = Screen.swift; sourceTree = "<group>"; };
		DEF003342BE05DD000EF73F8 /* ImageAndTitleCell.swift */ = {isa = PBXFileReference; lastKnownFileType = sourcecode.swift; path = ImageAndTitleCell.swift; sourceTree = "<group>"; };
		DEF003362BE06F1E00EF73F8 /* MostCell.swift */ = {isa = PBXFileReference; lastKnownFileType = sourcecode.swift; path = MostCell.swift; sourceTree = "<group>"; };
		DEF003382BE0718500EF73F8 /* UIStackView+.swift */ = {isa = PBXFileReference; lastKnownFileType = sourcecode.swift; path = "UIStackView+.swift"; sourceTree = "<group>"; };
		DEF0033A2BE0780A00EF73F8 /* LongLogoCell.swift */ = {isa = PBXFileReference; lastKnownFileType = sourcecode.swift; path = LongLogoCell.swift; sourceTree = "<group>"; };
/* End PBXFileReference section */

/* Begin PBXFrameworksBuildPhase section */
		DE1954852BCD644B00070C12 /* Frameworks */ = {
			isa = PBXFrameworksBuildPhase;
			buildActionMask = 2147483647;
			files = (
				DE6093B12C18A03E00447EA4 /* SnapKit in Frameworks */,
				DE1954A42BCD6A8100070C12 /* Then in Frameworks */,
				DEA1AF8B2BEDFE3D00BDB474 /* CombineMoya in Frameworks */,
				DE09FD6C2C21D80A00B553A3 /* RxDataSources in Frameworks */,
				DE09FD652C21D7C100B553A3 /* RxCocoa in Frameworks */,
				DEA1AF8D2BEDFE3D00BDB474 /* Moya in Frameworks */,
				DEA1AF912BEDFE3D00BDB474 /* RxMoya in Frameworks */,
				DE09FD672C21D7C100B553A3 /* RxRelay in Frameworks */,
				DE09FD6A2C21D80A00B553A3 /* Differentiator in Frameworks */,
				DEA1AF8F2BEDFE3D00BDB474 /* ReactiveMoya in Frameworks */,
			);
			runOnlyForDeploymentPostprocessing = 0;
		};
/* End PBXFrameworksBuildPhase section */

/* Begin PBXGroup section */
		DE09FD6F2C21E7F700B553A3 /* ViewController */ = {
			isa = PBXGroup;
			children = (
				DEE84F3B2BDF6F48006605CB /* HomeViewController.swift */,
			);
			path = ViewController;
			sourceTree = "<group>";
		};
		DE13EF6F2C077789008C6DDA /* NetworkService */ = {
			isa = PBXGroup;
			children = (
				DE81017A2C2F0C77001F7090 /* MovieService.swift */,
			);
			path = NetworkService;
			sourceTree = "<group>";
		};
		DE19547F2BCD644B00070C12 = {
			isa = PBXGroup;
			children = (
				DEA1AF7B2BEDF9CC00BDB474 /* APIKeys.plist */,
				DE19548A2BCD644B00070C12 /* 34th-Sopt-Assignment */,
				DE1954892BCD644B00070C12 /* Products */,
			);
			sourceTree = "<group>";
		};
		DE1954892BCD644B00070C12 /* Products */ = {
			isa = PBXGroup;
			children = (
				DE1954882BCD644B00070C12 /* 34th-Sopt-Assignment.app */,
			);
			name = Products;
			sourceTree = "<group>";
		};
		DE19548A2BCD644B00070C12 /* 34th-Sopt-Assignment */ = {
			isa = PBXGroup;
			children = (
				DE1954A02BCD64E900070C12 /* Resources */,
				DE19549F2BCD646D00070C12 /* Application */,
				DE1954A12BCD64F700070C12 /* Presentation */,
				DE1954BF2BCD734100070C12 /* Common */,
				DEA1AF832BEDFD9300BDB474 /* Network */,
			);
			path = "34th-Sopt-Assignment";
			sourceTree = "<group>";
		};
		DE19549F2BCD646D00070C12 /* Application */ = {
			isa = PBXGroup;
			children = (
				DE19548B2BCD644B00070C12 /* AppDelegate.swift */,
				DE9912FE2C0BB7A5002A73CB /* AppCoordinator.swift */,
				DE19548D2BCD644B00070C12 /* SceneDelegate.swift */,
			);
			path = Application;
			sourceTree = "<group>";
		};
		DE1954A02BCD64E900070C12 /* Resources */ = {
			isa = PBXGroup;
			children = (
				DE1954AC2BCD710B00070C12 /* Font */,
				DEC466D22BD77E17001F5BAA /* Assets.xcassets */,
				DEEE39D82BD781E100DE683E /* Color.xcassets */,
				DEC466CD2BD77DE9001F5BAA /* LaunchScreen.storyboard */,
				DEC466CB2BD77DD9001F5BAA /* Info.plist */,
			);
			name = Resources;
			path = Common/Resources;
			sourceTree = "<group>";
		};
		DE1954A12BCD64F700070C12 /* Presentation */ = {
			isa = PBXGroup;
			children = (
				DE9F2C032BD00DEA00E3189D /* Login */,
				DEE84F382BDF5F73006605CB /* Tabbar */,
				DEE84F372BDF5F58006605CB /* Home */,
				DEA1AF7F2BEDFD1C00BDB474 /* Find */,
				DEE84F3D2BDFBACB006605CB /* ComingSoon */,
				DEE84F3E2BDFBB02006605CB /* Search */,
				DEE84F3F2BDFBB09006605CB /* History */,
			);
			path = Presentation;
			sourceTree = "<group>";
		};
		DE1954AC2BCD710B00070C12 /* Font */ = {
			isa = PBXGroup;
			children = (
				DE46402E2BD7844D00FC13D8 /* Pretendard-Black.otf */,
				DE46402F2BD7844D00FC13D8 /* Pretendard-Bold.otf */,
				DE4640292BD7844D00FC13D8 /* Pretendard-ExtraBold.otf */,
				DE4640282BD7844D00FC13D8 /* Pretendard-ExtraLight.otf */,
				DE46402B2BD7844D00FC13D8 /* Pretendard-Light.otf */,
				DE46402C2BD7844D00FC13D8 /* Pretendard-Medium.otf */,
				DE46402D2BD7844D00FC13D8 /* Pretendard-Regular.otf */,
				DE46402A2BD7844D00FC13D8 /* Pretendard-SemiBold.otf */,
				DE4640302BD7844D00FC13D8 /* Pretendard-Thin.otf */,
			);
			path = Font;
			sourceTree = "<group>";
		};
		DE1954BF2BCD734100070C12 /* Common */ = {
			isa = PBXGroup;
			children = (
				DE8101822C2F22E2001F7090 /* ObservablePattern */,
				DE9912FB2C0BB748002A73CB /* Interface */,
				DE9F2C062BD0114300E3189D /* Constants */,
				DE46403A2BD7AD4500FC13D8 /* Component */,
				DE9F2C0B2BD01F9500E3189D /* Error */,
				DE1954C02BCD734E00070C12 /* Extensions */,
				DE9F2C122BD025C000E3189D /* Regex */,
				DE9F2C0E2BD0233F00E3189D /* Utils */,
			);
			path = Common;
			sourceTree = "<group>";
		};
		DE1954C02BCD734E00070C12 /* Extensions */ = {
			isa = PBXGroup;
			children = (
				DE1954C12BCD735800070C12 /* UIFont+.swift */,
				DE1954C32BCD737D00070C12 /* UITextField+.swift */,
				DE1954C52BCD73B600070C12 /* UIView+.swift */,
				DE1954C72BCD7E3A00070C12 /* UIButton+.swift */,
				DE9F2C092BD0139400E3189D /* UIColor+.swift */,
				DE9F2C192BD039E500E3189D /* UILabel+.swift */,
				DEF003382BE0718500EF73F8 /* UIStackView+.swift */,
				DEA1AF7D2BEDFA7E00BDB474 /* Bundle+.swift */,
				DE9BA3482C06401D00C8D6EB /* Date+.swift */,
			);
			path = Extensions;
			sourceTree = "<group>";
		};
		DE46403A2BD7AD4500FC13D8 /* Component */ = {
			isa = PBXGroup;
			children = (
				DE46403B2BD7AD6000FC13D8 /* TvingTextField.swift */,
			);
			path = Component;
			sourceTree = "<group>";
		};
		DE7FFCB32C1F36B100C73CDE /* ViewController */ = {
			isa = PBXGroup;
			children = (
				DE19548F2BCD644B00070C12 /* LoginViewController.swift */,
				DE9F2C042BD00E0B00E3189D /* MakeNicknameViewController.swift */,
				DE9F2C172BD0314C00E3189D /* WelcomeViewController.swift */,
				DE81017F2C2F2120001F7090 /* ObservablePattern */,
			);
			path = ViewController;
			sourceTree = "<group>";
		};
		DE8101772C2F007F001F7090 /* ViewController */ = {
			isa = PBXGroup;
			children = (
				DEA1AF752BEDD81A00BDB474 /* FindViewController.swift */,
			);
			path = ViewController;
			sourceTree = "<group>";
		};
		DE81017C2C2F20C5001F7090 /* ObservablePattern */ = {
			isa = PBXGroup;
			children = (
				DE81017D2C2F20EE001F7090 /* LoginViewModel_ObservablePattern.swift */,
			);
			path = ObservablePattern;
			sourceTree = "<group>";
		};
		DE81017F2C2F2120001F7090 /* ObservablePattern */ = {
			isa = PBXGroup;
			children = (
				DE8101802C2F212F001F7090 /* LoginViewController_ObservablePattern.swift */,
			);
			path = ObservablePattern;
			sourceTree = "<group>";
		};
		DE8101822C2F22E2001F7090 /* ObservablePattern */ = {
			isa = PBXGroup;
			children = (
				DE8101832C2F22EE001F7090 /* ObservablePattern.swift */,
			);
			path = ObservablePattern;
			sourceTree = "<group>";
		};
		DE81F4572C02D49500DA4804 /* View */ = {
			isa = PBXGroup;
			children = (
				DE7FFCB42C1F3C1100C73CDE /* LoginView.swift */,
				DE7FFCB62C1F421100C73CDE /* MakeNicknameView.swift */,
			);
			path = View;
			sourceTree = "<group>";
		};
		DE81F4582C02D49D00DA4804 /* ViewModel */ = {
			isa = PBXGroup;
			children = (
				DE81F45C2C02D8AD00DA4804 /* LoginViewModel.swift */,
				DE81F45F2C03178600DA4804 /* MakeNicknameViewModel.swift */,
				DE81017C2C2F20C5001F7090 /* ObservablePattern */,
			);
			path = ViewModel;
			sourceTree = "<group>";
		};
		DE9912FB2C0BB748002A73CB /* Interface */ = {
			isa = PBXGroup;
			children = (
				DE9912FC2C0BB753002A73CB /* Coordinator.swift */,
				DE6A2E6E2C1ED2E3004DA3BB /* ViewModelType.swift */,
			);
			path = Interface;
			sourceTree = "<group>";
		};
		DE9913022C0BB8FC002A73CB /* Coordinator */ = {
			isa = PBXGroup;
			children = (
				DE9913032C0BB906002A73CB /* LoginCoordinator.swift */,
			);
			path = Coordinator;
			sourceTree = "<group>";
		};
		DE9F2C032BD00DEA00E3189D /* Login */ = {
			isa = PBXGroup;
			children = (
				DE9913022C0BB8FC002A73CB /* Coordinator */,
				DE81F4582C02D49D00DA4804 /* ViewModel */,
				DE7FFCB32C1F36B100C73CDE /* ViewController */,
				DE81F4572C02D49500DA4804 /* View */,
			);
			path = Login;
			sourceTree = "<group>";
		};
		DE9F2C062BD0114300E3189D /* Constants */ = {
			isa = PBXGroup;
			children = (
				DE9F2C072BD0115E00E3189D /* Constants.swift */,
			);
			path = Constants;
			sourceTree = "<group>";
		};
		DE9F2C0B2BD01F9500E3189D /* Error */ = {
			isa = PBXGroup;
			children = (
				DE9F2C0C2BD01FD300E3189D /* AppError.swift */,
			);
			path = Error;
			sourceTree = "<group>";
		};
		DE9F2C0E2BD0233F00E3189D /* Utils */ = {
			isa = PBXGroup;
			children = (
				DE9F2C0F2BD0235400E3189D /* AlertShowable.swift */,
				DE9F2C152BD0263800E3189D /* RegexCheckable.swift */,
				DEE84F352BDF5DBE006605CB /* ReuseIdentifiable.swift */,
				DEF003302BE04E6400EF73F8 /* Screen.swift */,
			);
			path = Utils;
			sourceTree = "<group>";
		};
		DE9F2C122BD025C000E3189D /* Regex */ = {
			isa = PBXGroup;
			children = (
				DE9F2C132BD025CB00E3189D /* Regex.swift */,
			);
			path = Regex;
			sourceTree = "<group>";
		};
		DEA1AF7F2BEDFD1C00BDB474 /* Find */ = {
			isa = PBXGroup;
			children = (
				DEA1AF822BEDFD3900BDB474 /* Model */,
				DEA1AF802BEDFD2900BDB474 /* ViewModel */,
				DE8101772C2F007F001F7090 /* ViewController */,
				DEA1AF812BEDFD3500BDB474 /* View */,
			);
			path = Find;
			sourceTree = "<group>";
		};
		DEA1AF802BEDFD2900BDB474 /* ViewModel */ = {
			isa = PBXGroup;
			children = (
				DE81F4632C03727200DA4804 /* FindViewModel.swift */,
			);
			path = ViewModel;
			sourceTree = "<group>";
		};
		DEA1AF812BEDFD3500BDB474 /* View */ = {
			isa = PBXGroup;
			children = (
				DE8101782C2F0099001F7090 /* FindView.swift */,
				DEA1AF772BEDEA0300BDB474 /* BoxOfficeCell.swift */,
			);
			path = View;
			sourceTree = "<group>";
		};
		DEA1AF822BEDFD3900BDB474 /* Model */ = {
			isa = PBXGroup;
			children = (
				DEA1AF792BEDF40300BDB474 /* DailyBoxOffice.swift */,
			);
			path = Model;
			sourceTree = "<group>";
		};
		DEA1AF832BEDFD9300BDB474 /* Network */ = {
			isa = PBXGroup;
			children = (
				DEA1AF852BEDFDBB00BDB474 /* Config.swift */,
				DEA1AF872BEDFDE000BDB474 /* NetworkResult.swift */,
				DEA1AF922BEDFE7400BDB474 /* MoyaLoggingPlugin.swift */,
				DE13EF6F2C077789008C6DDA /* NetworkService */,
				DEA1AF942BEDFEC800BDB474 /* TargetType */,
			);
			path = Network;
			sourceTree = "<group>";
		};
		DEA1AF942BEDFEC800BDB474 /* TargetType */ = {
			isa = PBXGroup;
			children = (
				DEA1AF952BEDFED900BDB474 /* BoxOfficeTargetType.swift */,
			);
			path = TargetType;
			sourceTree = "<group>";
		};
		DED033AD2C121224006C53EC /* Coordinator */ = {
			isa = PBXGroup;
			children = (
				DED033AF2C121245006C53EC /* TvingTabBarCoordinator.swift */,
			);
			path = Coordinator;
			sourceTree = "<group>";
		};
		DED033AE2C12122E006C53EC /* View */ = {
			isa = PBXGroup;
			children = (
				DEE84F392BDF6086006605CB /* TvingTabBarController.swift */,
			);
			path = View;
			sourceTree = "<group>";
		};
		DED033B12C1217B6006C53EC /* Coordinator */ = {
			isa = PBXGroup;
			children = (
				DED033B22C1217C0006C53EC /* HomeCoordinator.swift */,
			);
			path = Coordinator;
			sourceTree = "<group>";
		};
		DEE84F372BDF5F58006605CB /* Home */ = {
			isa = PBXGroup;
			children = (
				DED033B12C1217B6006C53EC /* Coordinator */,
				DEF003282BE0411F00EF73F8 /* Model */,
				DEE84F482BDFBDCF006605CB /* ViewModel */,
				DE09FD6F2C21E7F700B553A3 /* ViewController */,
				DEE84F472BDFBDC8006605CB /* View */,
			);
			path = Home;
			sourceTree = "<group>";
		};
		DEE84F382BDF5F73006605CB /* Tabbar */ = {
			isa = PBXGroup;
			children = (
				DED033AD2C121224006C53EC /* Coordinator */,
				DED033AE2C12122E006C53EC /* View */,
			);
			path = Tabbar;
			sourceTree = "<group>";
		};
		DEE84F3D2BDFBACB006605CB /* ComingSoon */ = {
			isa = PBXGroup;
			children = (
				DED033B42C1219D3006C53EC /* ComingSoonCoordinator.swift */,
				DEE84F412BDFBB51006605CB /* ComingSoonViewController.swift */,
			);
			path = ComingSoon;
			sourceTree = "<group>";
		};
		DEE84F3E2BDFBB02006605CB /* Search */ = {
			isa = PBXGroup;
			children = (
				DED033B62C121ACA006C53EC /* SearchCoordinator.swift */,
				DEE84F432BDFBB73006605CB /* SearchViewController.swift */,
			);
			path = Search;
			sourceTree = "<group>";
		};
		DEE84F3F2BDFBB09006605CB /* History */ = {
			isa = PBXGroup;
			children = (
				DED033B82C121AE3006C53EC /* HistoryCoordinator.swift */,
				DEE84F452BDFBBA0006605CB /* HistoryViewController.swift */,
			);
			path = History;
			sourceTree = "<group>";
		};
		DEE84F472BDFBDC8006605CB /* View */ = {
			isa = PBXGroup;
			children = (
				DE09FD6D2C21E68200B553A3 /* HomeView.swift */,
				DEE84F492BDFBDF0006605CB /* UnderlineSegmentedControl.swift */,
				DEF0032B2BE044C100EF73F8 /* SectionHeaderView.swift */,
				DEF0032D2BE0487B00EF73F8 /* Cell */,
			);
			path = View;
			sourceTree = "<group>";
		};
		DEE84F482BDFBDCF006605CB /* ViewModel */ = {
			isa = PBXGroup;
			children = (
				DE81F4612C034AED00DA4804 /* HomeViewModel.swift */,
			);
			path = ViewModel;
			sourceTree = "<group>";
		};
		DEF003282BE0411F00EF73F8 /* Model */ = {
			isa = PBXGroup;
			children = (
				DEF003292BE0412700EF73F8 /* Program.swift */,
			);
			path = Model;
			sourceTree = "<group>";
		};
		DEF0032D2BE0487B00EF73F8 /* Cell */ = {
			isa = PBXGroup;
			children = (
				DEF0032E2BE0488300EF73F8 /* MainCell.swift */,
				DEF003342BE05DD000EF73F8 /* ImageAndTitleCell.swift */,
				DEF003362BE06F1E00EF73F8 /* MostCell.swift */,
				DEF0033A2BE0780A00EF73F8 /* LongLogoCell.swift */,
			);
			path = Cell;
			sourceTree = "<group>";
		};
/* End PBXGroup section */

/* Begin PBXNativeTarget section */
		DE1954872BCD644B00070C12 /* 34th-Sopt-Assignment */ = {
			isa = PBXNativeTarget;
			buildConfigurationList = DE19549C2BCD644C00070C12 /* Build configuration list for PBXNativeTarget "34th-Sopt-Assignment" */;
			buildPhases = (
				DE1954842BCD644B00070C12 /* Sources */,
				DE1954852BCD644B00070C12 /* Frameworks */,
				DE1954862BCD644B00070C12 /* Resources */,
			);
			buildRules = (
			);
			dependencies = (
			);
			name = "34th-Sopt-Assignment";
			packageProductDependencies = (
				DE1954A32BCD6A8100070C12 /* Then */,
				DEA1AF8A2BEDFE3D00BDB474 /* CombineMoya */,
				DEA1AF8C2BEDFE3D00BDB474 /* Moya */,
				DEA1AF8E2BEDFE3D00BDB474 /* ReactiveMoya */,
				DEA1AF902BEDFE3D00BDB474 /* RxMoya */,
				DE6093B02C18A03E00447EA4 /* SnapKit */,
				DE09FD642C21D7C100B553A3 /* RxCocoa */,
				DE09FD662C21D7C100B553A3 /* RxRelay */,
				DE09FD692C21D80A00B553A3 /* Differentiator */,
				DE09FD6B2C21D80A00B553A3 /* RxDataSources */,
			);
			productName = "34th-Sopt-Assignment";
			productReference = DE1954882BCD644B00070C12 /* 34th-Sopt-Assignment.app */;
			productType = "com.apple.product-type.application";
		};
/* End PBXNativeTarget section */

/* Begin PBXProject section */
		DE1954802BCD644B00070C12 /* Project object */ = {
			isa = PBXProject;
			attributes = {
				BuildIndependentTargetsInParallel = 1;
				LastSwiftUpdateCheck = 1530;
				LastUpgradeCheck = 1530;
				TargetAttributes = {
					DE1954872BCD644B00070C12 = {
						CreatedOnToolsVersion = 15.3;
					};
				};
			};
			buildConfigurationList = DE1954832BCD644B00070C12 /* Build configuration list for PBXProject "34th-Sopt-Assignment" */;
			compatibilityVersion = "Xcode 14.0";
			developmentRegion = en;
			hasScannedForEncodings = 0;
			knownRegions = (
				en,
				Base,
			);
			mainGroup = DE19547F2BCD644B00070C12;
			packageReferences = (
				DE1954A22BCD6A8100070C12 /* XCRemoteSwiftPackageReference "Then" */,
				DEA1AF892BEDFE3C00BDB474 /* XCRemoteSwiftPackageReference "Moya" */,
				DE6093AF2C18A03E00447EA4 /* XCRemoteSwiftPackageReference "SnapKit" */,
				DE09FD632C21D7C100B553A3 /* XCRemoteSwiftPackageReference "RxSwift" */,
				DE09FD682C21D80A00B553A3 /* XCRemoteSwiftPackageReference "RxDataSources" */,
			);
			productRefGroup = DE1954892BCD644B00070C12 /* Products */;
			projectDirPath = "";
			projectRoot = "";
			targets = (
				DE1954872BCD644B00070C12 /* 34th-Sopt-Assignment */,
			);
		};
/* End PBXProject section */

/* Begin PBXResourcesBuildPhase section */
		DE1954862BCD644B00070C12 /* Resources */ = {
			isa = PBXResourcesBuildPhase;
			buildActionMask = 2147483647;
			files = (
				DE4640382BD7844D00FC13D8 /* Pretendard-Bold.otf in Resources */,
				DEC466D32BD77E17001F5BAA /* Assets.xcassets in Resources */,
				DEC466CF2BD77DE9001F5BAA /* LaunchScreen.storyboard in Resources */,
				DE4640392BD7844D00FC13D8 /* Pretendard-Thin.otf in Resources */,
				DE4640322BD7844D00FC13D8 /* Pretendard-ExtraBold.otf in Resources */,
				DE4640352BD7844D00FC13D8 /* Pretendard-Medium.otf in Resources */,
				DE4640372BD7844D00FC13D8 /* Pretendard-Black.otf in Resources */,
				DE4640362BD7844D00FC13D8 /* Pretendard-Regular.otf in Resources */,
				DEA1AF7C2BEDF9CC00BDB474 /* APIKeys.plist in Resources */,
				DE4640332BD7844D00FC13D8 /* Pretendard-SemiBold.otf in Resources */,
				DE4640342BD7844D00FC13D8 /* Pretendard-Light.otf in Resources */,
				DE4640312BD7844D00FC13D8 /* Pretendard-ExtraLight.otf in Resources */,
				DEEE39D92BD781E100DE683E /* Color.xcassets in Resources */,
			);
			runOnlyForDeploymentPostprocessing = 0;
		};
/* End PBXResourcesBuildPhase section */

/* Begin PBXSourcesBuildPhase section */
		DE1954842BCD644B00070C12 /* Sources */ = {
			isa = PBXSourcesBuildPhase;
			buildActionMask = 2147483647;
			files = (
				DE1954C62BCD73B600070C12 /* UIView+.swift in Sources */,
				DEE84F462BDFBBA0006605CB /* HistoryViewController.swift in Sources */,
				DED033B32C1217C0006C53EC /* HomeCoordinator.swift in Sources */,
				DED033B72C121ACA006C53EC /* SearchCoordinator.swift in Sources */,
				DEA1AF962BEDFED900BDB474 /* BoxOfficeTargetType.swift in Sources */,
				DE8101792C2F0099001F7090 /* FindView.swift in Sources */,
				DE6A2E6F2C1ED2E3004DA3BB /* ViewModelType.swift in Sources */,
				DE9913042C0BB906002A73CB /* LoginCoordinator.swift in Sources */,
				DE1954C42BCD737D00070C12 /* UITextField+.swift in Sources */,
				DEF003372BE06F1E00EF73F8 /* MostCell.swift in Sources */,
				DE9F2C0D2BD01FD300E3189D /* AppError.swift in Sources */,
				DE1954902BCD644B00070C12 /* LoginViewController.swift in Sources */,
				DE81017B2C2F0C77001F7090 /* MovieService.swift in Sources */,
				DEF0032A2BE0412700EF73F8 /* Program.swift in Sources */,
				DEE84F362BDF5DBE006605CB /* ReuseIdentifiable.swift in Sources */,
				DEF003312BE04E6400EF73F8 /* Screen.swift in Sources */,
				DE19548C2BCD644B00070C12 /* AppDelegate.swift in Sources */,
				DEE84F3A2BDF6086006605CB /* TvingTabBarController.swift in Sources */,
				DE9F2C162BD0263800E3189D /* RegexCheckable.swift in Sources */,
				DEA1AF762BEDD81A00BDB474 /* FindViewController.swift in Sources */,
				DEF003352BE05DD000EF73F8 /* ImageAndTitleCell.swift in Sources */,
				DE9F2C182BD0314C00E3189D /* WelcomeViewController.swift in Sources */,
				DEF0033B2BE0780A00EF73F8 /* LongLogoCell.swift in Sources */,
				DE9F2C052BD00E0B00E3189D /* MakeNicknameViewController.swift in Sources */,
				DED033B92C121AE4006C53EC /* HistoryCoordinator.swift in Sources */,
				DE81F45D2C02D8AD00DA4804 /* LoginViewModel.swift in Sources */,
				DE9F2C1A2BD039E500E3189D /* UILabel+.swift in Sources */,
				DE1954C22BCD735800070C12 /* UIFont+.swift in Sources */,
				DEA1AF7E2BEDFA7E00BDB474 /* Bundle+.swift in Sources */,
				DE9912FD2C0BB753002A73CB /* Coordinator.swift in Sources */,
				DEE84F4A2BDFBDF0006605CB /* UnderlineSegmentedControl.swift in Sources */,
				DEF0032C2BE044C100EF73F8 /* SectionHeaderView.swift in Sources */,
				DE09FD6E2C21E68200B553A3 /* HomeView.swift in Sources */,
				DE81F4602C03178600DA4804 /* MakeNicknameViewModel.swift in Sources */,
				DEA1AF782BEDEA0300BDB474 /* BoxOfficeCell.swift in Sources */,
				DE81F4642C03727200DA4804 /* FindViewModel.swift in Sources */,
				DE81F4622C034AED00DA4804 /* HomeViewModel.swift in Sources */,
				DEE84F442BDFBB73006605CB /* SearchViewController.swift in Sources */,
				DEF003392BE0718500EF73F8 /* UIStackView+.swift in Sources */,
				DE7FFCB52C1F3C1100C73CDE /* LoginView.swift in Sources */,
				DEF0032F2BE0488300EF73F8 /* MainCell.swift in Sources */,
				DED033B52C1219D3006C53EC /* ComingSoonCoordinator.swift in Sources */,
				DE46403C2BD7AD6000FC13D8 /* TvingTextField.swift in Sources */,
				DEA1AF932BEDFE7400BDB474 /* MoyaLoggingPlugin.swift in Sources */,
				DE7FFCB72C1F421100C73CDE /* MakeNicknameView.swift in Sources */,
				DE8101842C2F22EE001F7090 /* ObservablePattern.swift in Sources */,
				DEA1AF7A2BEDF40300BDB474 /* DailyBoxOffice.swift in Sources */,
				DEE84F422BDFBB51006605CB /* ComingSoonViewController.swift in Sources */,
				DE9BA3492C06401D00C8D6EB /* Date+.swift in Sources */,
				DED033B02C121245006C53EC /* TvingTabBarCoordinator.swift in Sources */,
				DE9F2C102BD0235400E3189D /* AlertShowable.swift in Sources */,
				DE19548E2BCD644B00070C12 /* SceneDelegate.swift in Sources */,
				DE1954C82BCD7E3A00070C12 /* UIButton+.swift in Sources */,
				DE81017E2C2F20EE001F7090 /* LoginViewModel_ObservablePattern.swift in Sources */,
				DEA1AF862BEDFDBB00BDB474 /* Config.swift in Sources */,
				DE9F2C082BD0115E00E3189D /* Constants.swift in Sources */,
				DE9F2C0A2BD0139400E3189D /* UIColor+.swift in Sources */,
				DE9F2C142BD025CB00E3189D /* Regex.swift in Sources */,
				DE9912FF2C0BB7A5002A73CB /* AppCoordinator.swift in Sources */,
				DEE84F3C2BDF6F48006605CB /* HomeViewController.swift in Sources */,
				DEA1AF882BEDFDE000BDB474 /* NetworkResult.swift in Sources */,
				DE8101812C2F212F001F7090 /* LoginViewController_ObservablePattern.swift in Sources */,
			);
			runOnlyForDeploymentPostprocessing = 0;
		};
/* End PBXSourcesBuildPhase section */

/* Begin PBXVariantGroup section */
		DEC466CD2BD77DE9001F5BAA /* LaunchScreen.storyboard */ = {
			isa = PBXVariantGroup;
			children = (
				DEC466CE2BD77DE9001F5BAA /* Base */,
			);
			name = LaunchScreen.storyboard;
			sourceTree = "<group>";
		};
/* End PBXVariantGroup section */

/* Begin XCBuildConfiguration section */
		DE19549A2BCD644C00070C12 /* Debug */ = {
			isa = XCBuildConfiguration;
			buildSettings = {
				ALWAYS_SEARCH_USER_PATHS = NO;
				ASSETCATALOG_COMPILER_GENERATE_SWIFT_ASSET_SYMBOL_EXTENSIONS = YES;
				CLANG_ANALYZER_NONNULL = YES;
				CLANG_ANALYZER_NUMBER_OBJECT_CONVERSION = YES_AGGRESSIVE;
				CLANG_CXX_LANGUAGE_STANDARD = "gnu++20";
				CLANG_ENABLE_MODULES = YES;
				CLANG_ENABLE_OBJC_ARC = YES;
				CLANG_ENABLE_OBJC_WEAK = YES;
				CLANG_WARN_BLOCK_CAPTURE_AUTORELEASING = YES;
				CLANG_WARN_BOOL_CONVERSION = YES;
				CLANG_WARN_COMMA = YES;
				CLANG_WARN_CONSTANT_CONVERSION = YES;
				CLANG_WARN_DEPRECATED_OBJC_IMPLEMENTATIONS = YES;
				CLANG_WARN_DIRECT_OBJC_ISA_USAGE = YES_ERROR;
				CLANG_WARN_DOCUMENTATION_COMMENTS = YES;
				CLANG_WARN_EMPTY_BODY = YES;
				CLANG_WARN_ENUM_CONVERSION = YES;
				CLANG_WARN_INFINITE_RECURSION = YES;
				CLANG_WARN_INT_CONVERSION = YES;
				CLANG_WARN_NON_LITERAL_NULL_CONVERSION = YES;
				CLANG_WARN_OBJC_IMPLICIT_RETAIN_SELF = YES;
				CLANG_WARN_OBJC_LITERAL_CONVERSION = YES;
				CLANG_WARN_OBJC_ROOT_CLASS = YES_ERROR;
				CLANG_WARN_QUOTED_INCLUDE_IN_FRAMEWORK_HEADER = YES;
				CLANG_WARN_RANGE_LOOP_ANALYSIS = YES;
				CLANG_WARN_STRICT_PROTOTYPES = YES;
				CLANG_WARN_SUSPICIOUS_MOVE = YES;
				CLANG_WARN_UNGUARDED_AVAILABILITY = YES_AGGRESSIVE;
				CLANG_WARN_UNREACHABLE_CODE = YES;
				CLANG_WARN__DUPLICATE_METHOD_MATCH = YES;
				COPY_PHASE_STRIP = NO;
				DEBUG_INFORMATION_FORMAT = dwarf;
				ENABLE_STRICT_OBJC_MSGSEND = YES;
				ENABLE_TESTABILITY = YES;
				ENABLE_USER_SCRIPT_SANDBOXING = YES;
				GCC_C_LANGUAGE_STANDARD = gnu17;
				GCC_DYNAMIC_NO_PIC = NO;
				GCC_NO_COMMON_BLOCKS = YES;
				GCC_OPTIMIZATION_LEVEL = 0;
				GCC_PREPROCESSOR_DEFINITIONS = (
					"DEBUG=1",
					"$(inherited)",
				);
				GCC_WARN_64_TO_32_BIT_CONVERSION = YES;
				GCC_WARN_ABOUT_RETURN_TYPE = YES_ERROR;
				GCC_WARN_UNDECLARED_SELECTOR = YES;
				GCC_WARN_UNINITIALIZED_AUTOS = YES_AGGRESSIVE;
				GCC_WARN_UNUSED_FUNCTION = YES;
				GCC_WARN_UNUSED_VARIABLE = YES;
				IPHONEOS_DEPLOYMENT_TARGET = 17.4;
				LOCALIZATION_PREFERS_STRING_CATALOGS = YES;
				MTL_ENABLE_DEBUG_INFO = INCLUDE_SOURCE;
				MTL_FAST_MATH = YES;
				ONLY_ACTIVE_ARCH = YES;
				SDKROOT = iphoneos;
				SWIFT_ACTIVE_COMPILATION_CONDITIONS = "DEBUG $(inherited)";
				SWIFT_OPTIMIZATION_LEVEL = "-Onone";
			};
			name = Debug;
		};
		DE19549B2BCD644C00070C12 /* Release */ = {
			isa = XCBuildConfiguration;
			buildSettings = {
				ALWAYS_SEARCH_USER_PATHS = NO;
				ASSETCATALOG_COMPILER_GENERATE_SWIFT_ASSET_SYMBOL_EXTENSIONS = YES;
				CLANG_ANALYZER_NONNULL = YES;
				CLANG_ANALYZER_NUMBER_OBJECT_CONVERSION = YES_AGGRESSIVE;
				CLANG_CXX_LANGUAGE_STANDARD = "gnu++20";
				CLANG_ENABLE_MODULES = YES;
				CLANG_ENABLE_OBJC_ARC = YES;
				CLANG_ENABLE_OBJC_WEAK = YES;
				CLANG_WARN_BLOCK_CAPTURE_AUTORELEASING = YES;
				CLANG_WARN_BOOL_CONVERSION = YES;
				CLANG_WARN_COMMA = YES;
				CLANG_WARN_CONSTANT_CONVERSION = YES;
				CLANG_WARN_DEPRECATED_OBJC_IMPLEMENTATIONS = YES;
				CLANG_WARN_DIRECT_OBJC_ISA_USAGE = YES_ERROR;
				CLANG_WARN_DOCUMENTATION_COMMENTS = YES;
				CLANG_WARN_EMPTY_BODY = YES;
				CLANG_WARN_ENUM_CONVERSION = YES;
				CLANG_WARN_INFINITE_RECURSION = YES;
				CLANG_WARN_INT_CONVERSION = YES;
				CLANG_WARN_NON_LITERAL_NULL_CONVERSION = YES;
				CLANG_WARN_OBJC_IMPLICIT_RETAIN_SELF = YES;
				CLANG_WARN_OBJC_LITERAL_CONVERSION = YES;
				CLANG_WARN_OBJC_ROOT_CLASS = YES_ERROR;
				CLANG_WARN_QUOTED_INCLUDE_IN_FRAMEWORK_HEADER = YES;
				CLANG_WARN_RANGE_LOOP_ANALYSIS = YES;
				CLANG_WARN_STRICT_PROTOTYPES = YES;
				CLANG_WARN_SUSPICIOUS_MOVE = YES;
				CLANG_WARN_UNGUARDED_AVAILABILITY = YES_AGGRESSIVE;
				CLANG_WARN_UNREACHABLE_CODE = YES;
				CLANG_WARN__DUPLICATE_METHOD_MATCH = YES;
				COPY_PHASE_STRIP = NO;
				DEBUG_INFORMATION_FORMAT = "dwarf-with-dsym";
				ENABLE_NS_ASSERTIONS = NO;
				ENABLE_STRICT_OBJC_MSGSEND = YES;
				ENABLE_USER_SCRIPT_SANDBOXING = YES;
				GCC_C_LANGUAGE_STANDARD = gnu17;
				GCC_NO_COMMON_BLOCKS = YES;
				GCC_WARN_64_TO_32_BIT_CONVERSION = YES;
				GCC_WARN_ABOUT_RETURN_TYPE = YES_ERROR;
				GCC_WARN_UNDECLARED_SELECTOR = YES;
				GCC_WARN_UNINITIALIZED_AUTOS = YES_AGGRESSIVE;
				GCC_WARN_UNUSED_FUNCTION = YES;
				GCC_WARN_UNUSED_VARIABLE = YES;
				IPHONEOS_DEPLOYMENT_TARGET = 17.4;
				LOCALIZATION_PREFERS_STRING_CATALOGS = YES;
				MTL_ENABLE_DEBUG_INFO = NO;
				MTL_FAST_MATH = YES;
				SDKROOT = iphoneos;
				SWIFT_COMPILATION_MODE = wholemodule;
				VALIDATE_PRODUCT = YES;
			};
			name = Release;
		};
		DE19549D2BCD644C00070C12 /* Debug */ = {
			isa = XCBuildConfiguration;
			buildSettings = {
				ASSETCATALOG_COMPILER_APPICON_NAME = AppIcon;
				ASSETCATALOG_COMPILER_GLOBAL_ACCENT_COLOR_NAME = AccentColor;
				BASE_URL = "http://kobis.or.kr/kobisopenapi/webservice/rest/boxoffice";
				CODE_SIGN_STYLE = Automatic;
				CURRENT_PROJECT_VERSION = 1;
				DEVELOPMENT_TEAM = 6LXF3U77V6;
				GENERATE_INFOPLIST_FILE = YES;
				INFOPLIST_FILE = "34th-Sopt-Assignment/Resources/Info.plist";
				INFOPLIST_KEY_UIApplicationSupportsIndirectInputEvents = YES;
				INFOPLIST_KEY_UILaunchStoryboardName = LaunchScreen;
				INFOPLIST_KEY_UISupportedInterfaceOrientations_iPad = "UIInterfaceOrientationPortrait UIInterfaceOrientationPortraitUpsideDown UIInterfaceOrientationLandscapeLeft UIInterfaceOrientationLandscapeRight";
				INFOPLIST_KEY_UISupportedInterfaceOrientations_iPhone = "UIInterfaceOrientationPortrait UIInterfaceOrientationLandscapeLeft UIInterfaceOrientationLandscapeRight";
				IPHONEOS_DEPLOYMENT_TARGET = 15.0;
				LD_RUNPATH_SEARCH_PATHS = (
					"$(inherited)",
					"@executable_path/Frameworks",
				);
				MARKETING_VERSION = 1.0;
				PRODUCT_BUNDLE_IDENTIFIER = "com.JinUng41.-4th-Sopt-Assignment";
				PRODUCT_NAME = "$(TARGET_NAME)";
				SUPPORTED_PLATFORMS = "iphoneos iphonesimulator";
				SUPPORTS_MACCATALYST = NO;
				SUPPORTS_MAC_DESIGNED_FOR_IPHONE_IPAD = NO;
				SUPPORTS_XR_DESIGNED_FOR_IPHONE_IPAD = NO;
				SWIFT_EMIT_LOC_STRINGS = YES;
				SWIFT_VERSION = 5.0;
				TARGETED_DEVICE_FAMILY = 1;
			};
			name = Debug;
		};
		DE19549E2BCD644C00070C12 /* Release */ = {
			isa = XCBuildConfiguration;
			buildSettings = {
				ASSETCATALOG_COMPILER_APPICON_NAME = AppIcon;
				ASSETCATALOG_COMPILER_GLOBAL_ACCENT_COLOR_NAME = AccentColor;
				BASE_URL = "http://kobis.or.kr/kobisopenapi/webservice/rest/boxoffice";
				CODE_SIGN_STYLE = Automatic;
				CURRENT_PROJECT_VERSION = 1;
				DEVELOPMENT_TEAM = 6LXF3U77V6;
				GENERATE_INFOPLIST_FILE = YES;
				INFOPLIST_FILE = "34th-Sopt-Assignment/Resources/Info.plist";
				INFOPLIST_KEY_UIApplicationSupportsIndirectInputEvents = YES;
				INFOPLIST_KEY_UILaunchStoryboardName = LaunchScreen;
				INFOPLIST_KEY_UISupportedInterfaceOrientations_iPad = "UIInterfaceOrientationPortrait UIInterfaceOrientationPortraitUpsideDown UIInterfaceOrientationLandscapeLeft UIInterfaceOrientationLandscapeRight";
				INFOPLIST_KEY_UISupportedInterfaceOrientations_iPhone = "UIInterfaceOrientationPortrait UIInterfaceOrientationLandscapeLeft UIInterfaceOrientationLandscapeRight";
				IPHONEOS_DEPLOYMENT_TARGET = 15.0;
				LD_RUNPATH_SEARCH_PATHS = (
					"$(inherited)",
					"@executable_path/Frameworks",
				);
				MARKETING_VERSION = 1.0;
				PRODUCT_BUNDLE_IDENTIFIER = "com.JinUng41.-4th-Sopt-Assignment";
				PRODUCT_NAME = "$(TARGET_NAME)";
				SUPPORTED_PLATFORMS = "iphoneos iphonesimulator";
				SUPPORTS_MACCATALYST = NO;
				SUPPORTS_MAC_DESIGNED_FOR_IPHONE_IPAD = NO;
				SUPPORTS_XR_DESIGNED_FOR_IPHONE_IPAD = NO;
				SWIFT_EMIT_LOC_STRINGS = YES;
				SWIFT_VERSION = 5.0;
				TARGETED_DEVICE_FAMILY = 1;
			};
			name = Release;
		};
/* End XCBuildConfiguration section */

/* Begin XCConfigurationList section */
		DE1954832BCD644B00070C12 /* Build configuration list for PBXProject "34th-Sopt-Assignment" */ = {
			isa = XCConfigurationList;
			buildConfigurations = (
				DE19549A2BCD644C00070C12 /* Debug */,
				DE19549B2BCD644C00070C12 /* Release */,
			);
			defaultConfigurationIsVisible = 0;
			defaultConfigurationName = Release;
		};
		DE19549C2BCD644C00070C12 /* Build configuration list for PBXNativeTarget "34th-Sopt-Assignment" */ = {
			isa = XCConfigurationList;
			buildConfigurations = (
				DE19549D2BCD644C00070C12 /* Debug */,
				DE19549E2BCD644C00070C12 /* Release */,
			);
			defaultConfigurationIsVisible = 0;
			defaultConfigurationName = Release;
		};
/* End XCConfigurationList section */

/* Begin XCRemoteSwiftPackageReference section */
		DE09FD632C21D7C100B553A3 /* XCRemoteSwiftPackageReference "RxSwift" */ = {
			isa = XCRemoteSwiftPackageReference;
			repositoryURL = "https://github.com/ReactiveX/RxSwift";
			requirement = {
				kind = upToNextMajorVersion;
				minimumVersion = 6.7.1;
			};
		};
		DE09FD682C21D80A00B553A3 /* XCRemoteSwiftPackageReference "RxDataSources" */ = {
			isa = XCRemoteSwiftPackageReference;
			repositoryURL = "https://github.com/RxSwiftCommunity/RxDataSources.git";
			requirement = {
				kind = upToNextMajorVersion;
				minimumVersion = 5.0.2;
			};
		};
		DE1954A22BCD6A8100070C12 /* XCRemoteSwiftPackageReference "Then" */ = {
			isa = XCRemoteSwiftPackageReference;
			repositoryURL = "https://github.com/devxoul/Then.git";
			requirement = {
				kind = upToNextMajorVersion;
				minimumVersion = 3.0.0;
			};
		};
		DE6093AF2C18A03E00447EA4 /* XCRemoteSwiftPackageReference "SnapKit" */ = {
			isa = XCRemoteSwiftPackageReference;
			repositoryURL = "https://github.com/SnapKit/SnapKit.git";
			requirement = {
				kind = upToNextMajorVersion;
				minimumVersion = 5.7.1;
			};
		};
		DEA1AF892BEDFE3C00BDB474 /* XCRemoteSwiftPackageReference "Moya" */ = {
			isa = XCRemoteSwiftPackageReference;
			repositoryURL = "https://github.com/Moya/Moya";
			requirement = {
				kind = upToNextMajorVersion;
				minimumVersion = 15.0.3;
			};
		};
/* End XCRemoteSwiftPackageReference section */

/* Begin XCSwiftPackageProductDependency section */
		DE09FD642C21D7C100B553A3 /* RxCocoa */ = {
			isa = XCSwiftPackageProductDependency;
			package = DE09FD632C21D7C100B553A3 /* XCRemoteSwiftPackageReference "RxSwift" */;
			productName = RxCocoa;
		};
		DE09FD662C21D7C100B553A3 /* RxRelay */ = {
			isa = XCSwiftPackageProductDependency;
			package = DE09FD632C21D7C100B553A3 /* XCRemoteSwiftPackageReference "RxSwift" */;
			productName = RxRelay;
		};
		DE09FD692C21D80A00B553A3 /* Differentiator */ = {
			isa = XCSwiftPackageProductDependency;
			package = DE09FD682C21D80A00B553A3 /* XCRemoteSwiftPackageReference "RxDataSources" */;
			productName = Differentiator;
		};
		DE09FD6B2C21D80A00B553A3 /* RxDataSources */ = {
			isa = XCSwiftPackageProductDependency;
			package = DE09FD682C21D80A00B553A3 /* XCRemoteSwiftPackageReference "RxDataSources" */;
			productName = RxDataSources;
		};
		DE1954A32BCD6A8100070C12 /* Then */ = {
			isa = XCSwiftPackageProductDependency;
			package = DE1954A22BCD6A8100070C12 /* XCRemoteSwiftPackageReference "Then" */;
			productName = Then;
		};
		DE6093B02C18A03E00447EA4 /* SnapKit */ = {
			isa = XCSwiftPackageProductDependency;
			package = DE6093AF2C18A03E00447EA4 /* XCRemoteSwiftPackageReference "SnapKit" */;
			productName = SnapKit;
		};
		DEA1AF8A2BEDFE3D00BDB474 /* CombineMoya */ = {
			isa = XCSwiftPackageProductDependency;
			package = DEA1AF892BEDFE3C00BDB474 /* XCRemoteSwiftPackageReference "Moya" */;
			productName = CombineMoya;
		};
		DEA1AF8C2BEDFE3D00BDB474 /* Moya */ = {
			isa = XCSwiftPackageProductDependency;
			package = DEA1AF892BEDFE3C00BDB474 /* XCRemoteSwiftPackageReference "Moya" */;
			productName = Moya;
		};
		DEA1AF8E2BEDFE3D00BDB474 /* ReactiveMoya */ = {
			isa = XCSwiftPackageProductDependency;
			package = DEA1AF892BEDFE3C00BDB474 /* XCRemoteSwiftPackageReference "Moya" */;
			productName = ReactiveMoya;
		};
		DEA1AF902BEDFE3D00BDB474 /* RxMoya */ = {
			isa = XCSwiftPackageProductDependency;
			package = DEA1AF892BEDFE3C00BDB474 /* XCRemoteSwiftPackageReference "Moya" */;
			productName = RxMoya;
		};
/* End XCSwiftPackageProductDependency section */
	};
	rootObject = DE1954802BCD644B00070C12 /* Project object */;
}
